{
  "version": 4,
  "terraform_version": "1.13.5",
  "serial": 1052,
  "lineage": "dca551d5-d912-abba-bf35-f6ca180390f8",
  "outputs": {},
  "resources": [
    {
      "module": "module.cicd",
      "mode": "managed",
      "type": "aws_codebuild_project",
      "name": "Task8-Build-Project-Zaeem",
      "provider": "provider[\"registry.terraform.io/hashicorp/aws\"]",
      "instances": [
        {
          "schema_version": 0,
          "attributes": {
            "arn": "arn:aws:codebuild:us-west-2:880958245574:project/Task8-Build-Project-Zaeem",
            "artifacts": [
              {
                "artifact_identifier": "",
                "bucket_owner_access": "",
                "encryption_disabled": false,
                "location": "",
                "name": "Task8-Build-Project-Zaeem",
                "namespace_type": "",
                "override_artifact_name": false,
                "packaging": "NONE",
                "path": "",
                "type": "CODEPIPELINE"
              }
            ],
            "auto_retry_limit": 0,
            "badge_enabled": false,
            "badge_url": "",
            "build_batch_config": [],
            "build_timeout": 15,
            "cache": [
              {
                "location": "",
                "modes": [],
                "type": "NO_CACHE"
              }
            ],
            "concurrent_build_limit": 0,
            "description": "",
            "encryption_key": "arn:aws:kms:us-west-2:880958245574:alias/aws/s3",
            "environment": [
              {
                "certificate": "",
                "compute_type": "BUILD_GENERAL1_SMALL",
                "docker_server": [],
                "environment_variable": [
                  {
                    "name": "ACCOUNT_ID",
                    "type": "PLAINTEXT",
                    "value": "880958245574"
                  },
                  {
                    "name": "AWS_DEFAULT_REGION",
                    "type": "PLAINTEXT",
                    "value": "us-west-2"
                  },
                  {
                    "name": "REPO_NAME",
                    "type": "PLAINTEXT",
                    "value": "task8/zaeem"
                  },
                  {
                    "name": "IMAGE_TAG",
                    "type": "PLAINTEXT",
                    "value": "latest"
                  }
                ],
                "fleet": [],
                "image": "aws/codebuild/standard:7.0",
                "image_pull_credentials_type": "CODEBUILD",
                "privileged_mode": true,
                "registry_credential": [],
                "type": "LINUX_CONTAINER"
              }
            ],
            "file_system_locations": [],
            "id": "arn:aws:codebuild:us-west-2:880958245574:project/Task8-Build-Project-Zaeem",
            "logs_config": [
              {
                "cloudwatch_logs": [
                  {
                    "group_name": "",
                    "status": "ENABLED",
                    "stream_name": ""
                  }
                ],
                "s3_logs": [
                  {
                    "bucket_owner_access": "",
                    "encryption_disabled": false,
                    "location": "",
                    "status": "DISABLED"
                  }
                ]
              }
            ],
            "name": "Task8-Build-Project-Zaeem",
            "project_visibility": "PRIVATE",
            "public_project_alias": "",
            "queued_timeout": 480,
            "region": "us-west-2",
            "resource_access_role": "",
            "secondary_artifacts": [],
            "secondary_source_version": [],
            "secondary_sources": [],
            "service_role": "arn:aws:iam::880958245574:role/Task8-CodeBuild-Role-Zaeem",
            "source": [
              {
                "auth": [],
                "build_status_config": [],
                "buildspec": "",
                "git_clone_depth": 0,
                "git_submodules_config": [],
                "insecure_ssl": false,
                "location": "",
                "report_build_status": false,
                "type": "CODEPIPELINE"
              }
            ],
            "source_version": "",
            "tags": {},
            "tags_all": {},
            "vpc_config": []
          },
          "sensitive_attributes": [],
          "identity_schema_version": 0,
          "identity": {
            "arn": "arn:aws:codebuild:us-west-2:880958245574:project/Task8-Build-Project-Zaeem"
          },
          "private": "bnVsbA==",
          "dependencies": [
            "module.iam.aws_iam_role.codebuild_role"
          ]
        }
      ]
    },
    {
      "module": "module.cicd",
      "mode": "managed",
      "type": "aws_codepipeline",
      "name": "Task8-CICD-Pipeline-Zaeem",
      "provider": "provider[\"registry.terraform.io/hashicorp/aws\"]",
      "instances": [
        {
          "schema_version": 0,
          "attributes": {
            "arn": "arn:aws:codepipeline:us-west-2:880958245574:Task8-CICD-Pipeline-Zaeem",
            "artifact_store": [
              {
                "encryption_key": [],
                "location": "task8-codepipeline-bucket-zaeem",
                "region": "",
                "type": "S3"
              }
            ],
            "execution_mode": "SUPERSEDED",
            "id": "Task8-CICD-Pipeline-Zaeem",
            "name": "Task8-CICD-Pipeline-Zaeem",
            "pipeline_type": "V1",
            "region": "us-west-2",
            "role_arn": "arn:aws:iam::880958245574:role/Task8-CodePipeline-Role",
            "stage": [
              {
                "action": [
                  {
                    "category": "Source",
                    "configuration": {
                      "BranchName": "main",
                      "ConnectionArn": "arn:aws:codestar-connections:us-west-2:880958245574:connection/17595315-5b18-4475-a546-d25173023460",
                      "FullRepositoryId": "zaeemattique/InnovationLab-Task7"
                    },
                    "input_artifacts": [],
                    "name": "Source",
                    "namespace": "",
                    "output_artifacts": [
                      "source_output"
                    ],
                    "owner": "AWS",
                    "provider": "CodeStarSourceConnection",
                    "region": "",
                    "role_arn": "",
                    "run_order": 1,
                    "timeout_in_minutes": 0,
                    "version": "1"
                  }
                ],
                "before_entry": [],
                "name": "Source",
                "on_failure": [],
                "on_success": []
              },
              {
                "action": [
                  {
                    "category": "Build",
                    "configuration": {
                      "ProjectName": "Task8-Build-Project-Zaeem"
                    },
                    "input_artifacts": [
                      "source_output"
                    ],
                    "name": "Build",
                    "namespace": "",
                    "output_artifacts": [
                      "build_output"
                    ],
                    "owner": "AWS",
                    "provider": "CodeBuild",
                    "region": "",
                    "role_arn": "",
                    "run_order": 1,
                    "timeout_in_minutes": 0,
                    "version": "1"
                  }
                ],
                "before_entry": [],
                "name": "Build",
                "on_failure": [],
                "on_success": []
              },
              {
                "action": [
                  {
                    "category": "Deploy",
                    "configuration": {
                      "ClusterName": "Task8-ECS-Cluster-Zaeem",
                      "FileName": "imagedefinitions.json",
                      "ServiceName": "Task8-ECS-Service-Zaeem"
                    },
                    "input_artifacts": [
                      "build_output"
                    ],
                    "name": "Deploy",
                    "namespace": "",
                    "output_artifacts": [],
                    "owner": "AWS",
                    "provider": "ECS",
                    "region": "",
                    "role_arn": "",
                    "run_order": 1,
                    "timeout_in_minutes": 0,
                    "version": "1"
                  }
                ],
                "before_entry": [],
                "name": "Deploy",
                "on_failure": [],
                "on_success": []
              }
            ],
            "tags": {},
            "tags_all": {},
            "trigger": [],
            "trigger_all": [],
            "variable": []
          },
          "sensitive_attributes": [],
          "identity_schema_version": 0,
          "private": "bnVsbA==",
          "dependencies": [
            "module.cicd.aws_codebuild_project.Task8-Build-Project-Zaeem",
            "module.cicd.aws_codestarconnections_connection.Task8-Codestar-Connection-Zaeem",
            "module.iam.aws_iam_role.codebuild_role",
            "module.iam.aws_iam_role.codepipeline_role",
            "module.iam.data.aws_iam_policy_document.pipeline_assume_role",
            "module.storage.aws_s3_bucket.Task8-CodePipeline-Bucket-Zaeem"
          ]
        }
      ]
    },
    {
      "module": "module.cicd",
      "mode": "managed",
      "type": "aws_codestarconnections_connection",
      "name": "Task8-Codestar-Connection-Zaeem",
      "provider": "provider[\"registry.terraform.io/hashicorp/aws\"]",
      "instances": [
        {
          "schema_version": 0,
          "attributes": {
            "arn": "arn:aws:codestar-connections:us-west-2:880958245574:connection/17595315-5b18-4475-a546-d25173023460",
            "connection_status": "AVAILABLE",
            "host_arn": "",
            "id": "arn:aws:codestar-connections:us-west-2:880958245574:connection/17595315-5b18-4475-a546-d25173023460",
            "name": "Task8-Codestar-Connection-Zaeem",
            "provider_type": "GitHub",
            "region": "us-west-2",
            "tags": {},
            "tags_all": {}
          },
          "sensitive_attributes": [],
          "identity_schema_version": 0,
          "identity": {
            "arn": "arn:aws:codestar-connections:us-west-2:880958245574:connection/17595315-5b18-4475-a546-d25173023460"
          },
          "private": "bnVsbA=="
        }
      ]
    },
    {
      "module": "module.compute",
      "mode": "data",
      "type": "aws_ami",
      "name": "ecs_optimized_amazon_linux_2",
      "provider": "provider[\"registry.terraform.io/hashicorp/aws\"]",
      "instances": [
        {
          "schema_version": 0,
          "attributes": {
            "allow_unsafe_filter": null,
            "architecture": "x86_64",
            "arn": "arn:aws:ec2:us-west-2::image/ami-07b09ad3acfff075f",
            "block_device_mappings": [
              {
                "device_name": "/dev/xvda",
                "ebs": {
                  "delete_on_termination": "true",
                  "encrypted": "false",
                  "iops": "0",
                  "snapshot_id": "snap-00dfec35002a4d8b6",
                  "throughput": "0",
                  "volume_initialization_rate": "0",
                  "volume_size": "30",
                  "volume_type": "gp2"
                },
                "no_device": "",
                "virtual_name": ""
              }
            ],
            "boot_mode": "",
            "creation_date": "2025-11-20T01:18:01.000Z",
            "deprecation_time": "2027-11-20T01:18:01.000Z",
            "description": "Amazon Linux AMI 2.0.20251119 x86_64 ECS HVM GP2",
            "ena_support": true,
            "executable_users": null,
            "filter": [
              {
                "name": "name",
                "values": [
                  "amzn2-ami-ecs-hvm-*-x86_64-ebs"
                ]
              },
              {
                "name": "owner-alias",
                "values": [
                  "amazon"
                ]
              }
            ],
            "hypervisor": "xen",
            "id": "ami-07b09ad3acfff075f",
            "image_id": "ami-07b09ad3acfff075f",
            "image_location": "amazon/amzn2-ami-ecs-hvm-2.0.20251119-x86_64-ebs",
            "image_owner_alias": "amazon",
            "image_type": "machine",
            "imds_support": "",
            "include_deprecated": false,
            "kernel_id": "",
            "last_launched_time": "",
            "most_recent": true,
            "name": "amzn2-ami-ecs-hvm-2.0.20251119-x86_64-ebs",
            "name_regex": null,
            "owner_id": "591542846629",
            "owners": [
              "amazon"
            ],
            "platform": "",
            "platform_details": "Linux/UNIX",
            "product_codes": [],
            "public": true,
            "ramdisk_id": "",
            "region": "us-west-2",
            "root_device_name": "/dev/xvda",
            "root_device_type": "ebs",
            "root_snapshot_id": "snap-00dfec35002a4d8b6",
            "sriov_net_support": "simple",
            "state": "available",
            "state_reason": {
              "code": "UNSET",
              "message": "UNSET"
            },
            "tags": {},
            "timeouts": null,
            "tpm_support": "",
            "uefi_data": null,
            "usage_operation": "RunInstances",
            "virtualization_type": "hvm"
          },
          "sensitive_attributes": [],
          "identity_schema_version": 0
        }
      ]
    },
    {
      "module": "module.compute",
      "mode": "managed",
      "type": "aws_autoscaling_group",
      "name": "Task8-ASG-Zaeem",
      "provider": "provider[\"registry.terraform.io/hashicorp/aws\"]",
      "instances": [
        {
          "schema_version": 1,
          "attributes": {
            "arn": "arn:aws:autoscaling:us-west-2:880958245574:autoScalingGroup:c0a0b260-73dc-49fc-8ac9-aba515bd2cf8:autoScalingGroupName/terraform-20251202141912133900000007",
            "availability_zone_distribution": [
              {
                "capacity_distribution_strategy": "balanced-best-effort"
              }
            ],
            "availability_zones": [
              "us-west-2a",
              "us-west-2b"
            ],
            "capacity_rebalance": false,
            "capacity_reservation_specification": [
              {
                "capacity_reservation_preference": "default",
                "capacity_reservation_target": []
              }
            ],
            "context": "",
            "default_cooldown": 300,
            "default_instance_warmup": 0,
            "desired_capacity": 2,
            "desired_capacity_type": "",
            "enabled_metrics": [],
            "force_delete": false,
            "force_delete_warm_pool": false,
            "health_check_grace_period": 300,
            "health_check_type": "EC2",
            "id": "terraform-20251202141912133900000007",
            "ignore_failed_scaling_activities": false,
            "initial_lifecycle_hook": [],
            "instance_maintenance_policy": [],
            "instance_refresh": [],
            "launch_configuration": "",
            "launch_template": [
              {
                "id": "lt-03dadf894321fd96f",
                "name": "Task8-Launch-Template-Zaeem-20251202141903412000000005",
                "version": "$Latest"
              }
            ],
            "load_balancers": [],
            "max_instance_lifetime": 0,
            "max_size": 3,
            "metrics_granularity": "1Minute",
            "min_elb_capacity": null,
            "min_size": 1,
            "mixed_instances_policy": [],
            "name": "terraform-20251202141912133900000007",
            "name_prefix": "terraform-",
            "placement_group": "",
            "predicted_capacity": 0,
            "protect_from_scale_in": false,
            "region": "us-west-2",
            "service_linked_role_arn": "arn:aws:iam::880958245574:role/aws-service-role/autoscaling.amazonaws.com/AWSServiceRoleForAutoScaling",
            "suspended_processes": [],
            "tag": [
              {
                "key": "AmazonECSManaged",
                "propagate_at_launch": true,
                "value": ""
              },
              {
                "key": "Name",
                "propagate_at_launch": true,
                "value": "Task8-Instance-Zaeem"
              }
            ],
            "target_group_arns": [],
            "termination_policies": [],
            "timeouts": null,
            "traffic_source": [],
            "vpc_zone_identifier": [
              "subnet-097056f4ad974d766",
              "subnet-0eefe88e1cad33b17"
            ],
            "wait_for_capacity_timeout": "10m",
            "wait_for_elb_capacity": null,
            "warm_pool": [],
            "warm_pool_size": 0
          },
          "sensitive_attributes": [],
          "identity_schema_version": 0,
          "private": "eyJlMmJmYjczMC1lY2FhLTExZTYtOGY4OC0zNDM2M2JjN2M0YzAiOnsiZGVsZXRlIjo2MDAwMDAwMDAwMDAsInVwZGF0ZSI6NjAwMDAwMDAwMDAwfSwic2NoZW1hX3ZlcnNpb24iOiIxIn0=",
          "dependencies": [
            "module.compute.aws_launch_template.Task8-Launch-Template-Zaeem",
            "module.compute.data.aws_ami.ecs_optimized_amazon_linux_2",
            "module.iam.aws_iam_instance_profile.Task8_ECS_Instance_Profile",
            "module.iam.aws_iam_role.Task8_ECS_EC2_Role",
            "module.networking.aws_security_group.Task8-ALB-SG-Zaeem",
            "module.networking.aws_security_group.Task8-EC2-SG-Zaeem",
            "module.networking.aws_subnet.Task8-Public-Subnet-A-Zaeem",
            "module.networking.aws_subnet.Task8-Public-Subnet-B-Zaeem",
            "module.networking.aws_vpc.Task8-VPC-Zaeem"
          ]
        }
      ]
    },
    {
      "module": "module.compute",
      "mode": "managed",
      "type": "aws_launch_template",
      "name": "Task8-Launch-Template-Zaeem",
      "provider": "provider[\"registry.terraform.io/hashicorp/aws\"]",
      "instances": [
        {
          "schema_version": 1,
          "attributes": {
            "arn": "arn:aws:ec2:us-west-2:880958245574:launch-template/lt-03dadf894321fd96f",
            "block_device_mappings": [],
            "capacity_reservation_specification": [],
            "cpu_options": [],
            "credit_specification": [],
            "default_version": 1,
            "description": "",
            "disable_api_stop": false,
            "disable_api_termination": false,
            "ebs_optimized": "",
            "enclave_options": [],
            "hibernation_options": [],
            "iam_instance_profile": [
              {
                "arn": "",
                "name": "Task8-ecs-instance-profile-Zaeem"
              }
            ],
            "id": "lt-03dadf894321fd96f",
            "image_id": "ami-07b09ad3acfff075f",
            "instance_initiated_shutdown_behavior": "",
            "instance_market_options": [],
            "instance_requirements": [],
            "instance_type": "t3.micro",
            "kernel_id": "",
            "key_name": "",
            "latest_version": 1,
            "license_specification": [],
            "maintenance_options": [],
            "metadata_options": [],
            "monitoring": [],
            "name": "Task8-Launch-Template-Zaeem-20251202141903412000000005",
            "name_prefix": "Task8-Launch-Template-Zaeem-",
            "network_interfaces": [
              {
                "associate_carrier_ip_address": "",
                "associate_public_ip_address": "true",
                "connection_tracking_specification": [],
                "delete_on_termination": "true",
                "description": "",
                "device_index": 0,
                "ena_srd_specification": [],
                "interface_type": "",
                "ipv4_address_count": 0,
                "ipv4_addresses": [],
                "ipv4_prefix_count": 0,
                "ipv4_prefixes": [],
                "ipv6_address_count": 0,
                "ipv6_addresses": [],
                "ipv6_prefix_count": 0,
                "ipv6_prefixes": [],
                "network_card_index": 0,
                "network_interface_id": "",
                "primary_ipv6": "",
                "private_ip_address": "",
                "security_groups": [
                  "sg-07c3ab8569e31bb5d"
                ],
                "subnet_id": ""
              }
            ],
            "placement": [],
            "private_dns_name_options": [],
            "ram_disk_id": "",
            "region": "us-west-2",
            "security_group_names": [],
            "tag_specifications": [
              {
                "resource_type": "instance",
                "tags": {
                  "Name": "Task8-Instance-Zaeem"
                }
              }
            ],
            "tags": {},
            "tags_all": {},
            "update_default_version": null,
            "user_data": "ICAgICAgICAgICAgICAjIS9iaW4vYmFzaA0KICAgICAgICAgICAgICBlY2hvIEVDU19DTFVTVEVSPVRhc2s4LUVDUy1DbHVzdGVyLVphZWVtID4+IC9ldGMvZWNzL2Vjcy5jb25maWcNCg0K",
            "vpc_security_group_ids": []
          },
          "sensitive_attributes": [],
          "identity_schema_version": 0,
          "private": "eyJzY2hlbWFfdmVyc2lvbiI6IjEifQ==",
          "dependencies": [
            "module.compute.data.aws_ami.ecs_optimized_amazon_linux_2",
            "module.iam.aws_iam_instance_profile.Task8_ECS_Instance_Profile",
            "module.iam.aws_iam_role.Task8_ECS_EC2_Role",
            "module.networking.aws_security_group.Task8-ALB-SG-Zaeem",
            "module.networking.aws_security_group.Task8-EC2-SG-Zaeem",
            "module.networking.aws_vpc.Task8-VPC-Zaeem"
          ]
        }
      ]
    },
    {
      "module": "module.containers",
      "mode": "managed",
      "type": "aws_ecs_capacity_provider",
      "name": "Task8-ECS-Capacity-Provider-Zaeem",
      "provider": "provider[\"registry.terraform.io/hashicorp/aws\"]",
      "instances": [
        {
          "schema_version": 0,
          "attributes": {
            "arn": "arn:aws:ecs:us-west-2:880958245574:capacity-provider/Task8-ECS-Capacity-Provider-Zaeem",
            "auto_scaling_group_provider": [
              {
                "auto_scaling_group_arn": "arn:aws:autoscaling:us-west-2:880958245574:autoScalingGroup:c0a0b260-73dc-49fc-8ac9-aba515bd2cf8:autoScalingGroupName/terraform-20251202141912133900000007",
                "managed_draining": "ENABLED",
                "managed_scaling": [
                  {
                    "instance_warmup_period": 0,
                    "maximum_scaling_step_size": 1,
                    "minimum_scaling_step_size": 1,
                    "status": "ENABLED",
                    "target_capacity": 2
                  }
                ],
                "managed_termination_protection": "DISABLED"
              }
            ],
            "cluster": "",
            "id": "arn:aws:ecs:us-west-2:880958245574:capacity-provider/Task8-ECS-Capacity-Provider-Zaeem",
            "managed_instances_provider": [],
            "name": "Task8-ECS-Capacity-Provider-Zaeem",
            "region": "us-west-2",
            "tags": {},
            "tags_all": {}
          },
          "sensitive_attributes": [],
          "identity_schema_version": 0,
          "identity": {
            "arn": "arn:aws:ecs:us-west-2:880958245574:capacity-provider/Task8-ECS-Capacity-Provider-Zaeem"
          },
          "private": "bnVsbA==",
          "dependencies": [
            "module.compute.aws_autoscaling_group.Task8-ASG-Zaeem",
            "module.compute.aws_launch_template.Task8-Launch-Template-Zaeem",
            "module.compute.data.aws_ami.ecs_optimized_amazon_linux_2",
            "module.iam.aws_iam_instance_profile.Task8_ECS_Instance_Profile",
            "module.iam.aws_iam_role.Task8_ECS_EC2_Role",
            "module.networking.aws_security_group.Task8-ALB-SG-Zaeem",
            "module.networking.aws_security_group.Task8-EC2-SG-Zaeem",
            "module.networking.aws_subnet.Task8-Public-Subnet-A-Zaeem",
            "module.networking.aws_subnet.Task8-Public-Subnet-B-Zaeem",
            "module.networking.aws_vpc.Task8-VPC-Zaeem"
          ]
        }
      ]
    },
    {
      "module": "module.containers",
      "mode": "managed",
      "type": "aws_ecs_cluster",
      "name": "Task8-ECS-Cluster-Zaeem",
      "provider": "provider[\"registry.terraform.io/hashicorp/aws\"]",
      "instances": [
        {
          "schema_version": 0,
          "attributes": {
            "arn": "arn:aws:ecs:us-west-2:880958245574:cluster/Task8-ECS-Cluster-Zaeem",
            "configuration": [],
            "id": "arn:aws:ecs:us-west-2:880958245574:cluster/Task8-ECS-Cluster-Zaeem",
            "name": "Task8-ECS-Cluster-Zaeem",
            "region": "us-west-2",
            "service_connect_defaults": [],
            "setting": [
              {
                "name": "containerInsights",
                "value": "disabled"
              }
            ],
            "tags": {},
            "tags_all": {}
          },
          "sensitive_attributes": [],
          "identity_schema_version": 0,
          "private": "bnVsbA=="
        }
      ]
    },
    {
      "module": "module.containers",
      "mode": "managed",
      "type": "aws_ecs_cluster_capacity_providers",
      "name": "main",
      "provider": "provider[\"registry.terraform.io/hashicorp/aws\"]",
      "instances": [
        {
          "schema_version": 0,
          "attributes": {
            "capacity_providers": [
              "Task8-ECS-Capacity-Provider-Zaeem"
            ],
            "cluster_name": "Task8-ECS-Cluster-Zaeem",
            "default_capacity_provider_strategy": [
              {
                "base": 2,
                "capacity_provider": "Task8-ECS-Capacity-Provider-Zaeem",
                "weight": 1
              }
            ],
            "id": "Task8-ECS-Cluster-Zaeem",
            "region": "us-west-2"
          },
          "sensitive_attributes": [],
          "identity_schema_version": 0,
          "private": "bnVsbA==",
          "dependencies": [
            "module.compute.aws_autoscaling_group.Task8-ASG-Zaeem",
            "module.compute.aws_launch_template.Task8-Launch-Template-Zaeem",
            "module.compute.data.aws_ami.ecs_optimized_amazon_linux_2",
            "module.containers.aws_ecs_capacity_provider.Task8-ECS-Capacity-Provider-Zaeem",
            "module.containers.aws_ecs_cluster.Task8-ECS-Cluster-Zaeem",
            "module.iam.aws_iam_instance_profile.Task8_ECS_Instance_Profile",
            "module.iam.aws_iam_role.Task8_ECS_EC2_Role",
            "module.networking.aws_security_group.Task8-ALB-SG-Zaeem",
            "module.networking.aws_security_group.Task8-EC2-SG-Zaeem",
            "module.networking.aws_subnet.Task8-Public-Subnet-A-Zaeem",
            "module.networking.aws_subnet.Task8-Public-Subnet-B-Zaeem",
            "module.networking.aws_vpc.Task8-VPC-Zaeem"
          ]
        }
      ]
    },
    {
      "module": "module.containers",
      "mode": "managed",
      "type": "aws_ecs_service",
      "name": "Task8-ECS-Service-Zaeem",
      "provider": "provider[\"registry.terraform.io/hashicorp/aws\"]",
      "instances": [
        {
          "schema_version": 1,
          "attributes": {
            "alarms": [],
            "arn": "arn:aws:ecs:us-west-2:880958245574:service/Task8-ECS-Cluster-Zaeem/Task8-ECS-Service-Zaeem",
            "availability_zone_rebalancing": "ENABLED",
            "capacity_provider_strategy": [],
            "cluster": "arn:aws:ecs:us-west-2:880958245574:cluster/Task8-ECS-Cluster-Zaeem",
            "deployment_circuit_breaker": [
              {
                "enable": false,
                "rollback": false
              }
            ],
            "deployment_configuration": [
              {
                "bake_time_in_minutes": "0",
                "canary_configuration": [],
                "lifecycle_hook": [],
                "linear_configuration": [],
                "strategy": "ROLLING"
              }
            ],
            "deployment_controller": [
              {
                "type": "ECS"
              }
            ],
            "deployment_maximum_percent": 200,
            "deployment_minimum_healthy_percent": 100,
            "desired_count": 2,
            "enable_ecs_managed_tags": false,
            "enable_execute_command": false,
            "force_delete": null,
            "force_new_deployment": null,
            "health_check_grace_period_seconds": 0,
            "iam_role": "/aws-service-role/ecs.amazonaws.com/AWSServiceRoleForECS",
            "id": "arn:aws:ecs:us-west-2:880958245574:service/Task8-ECS-Cluster-Zaeem/Task8-ECS-Service-Zaeem",
            "launch_type": "EC2",
            "load_balancer": [
              {
                "advanced_configuration": [],
                "container_name": "NodeJS-App",
                "container_port": 5000,
                "elb_name": "",
                "target_group_arn": "arn:aws:elasticloadbalancing:us-west-2:880958245574:targetgroup/Task8-ALB-Target-Group-Zaeem/fd362b7ec6d57497"
              }
            ],
            "name": "Task8-ECS-Service-Zaeem",
            "network_configuration": [],
            "ordered_placement_strategy": [],
            "placement_constraints": [],
            "platform_version": "",
            "propagate_tags": "NONE",
            "region": "us-west-2",
            "scheduling_strategy": "REPLICA",
            "service_connect_configuration": [],
            "service_registries": [],
            "sigint_rollback": null,
            "tags": {
              "Name": "Task8-ECS-Service-Zaeem"
            },
            "tags_all": {
              "Name": "Task8-ECS-Service-Zaeem"
            },
            "task_definition": "arn:aws:ecs:us-west-2:880958245574:task-definition/Task8-ECS-Task-Definition-Zaeem:16",
            "timeouts": null,
            "triggers": {},
            "volume_configuration": [],
            "vpc_lattice_configurations": [],
            "wait_for_steady_state": false
          },
          "sensitive_attributes": [],
          "identity_schema_version": 0,
          "private": "eyJlMmJmYjczMC1lY2FhLTExZTYtOGY4OC0zNDM2M2JjN2M0YzAiOnsiY3JlYXRlIjoxMjAwMDAwMDAwMDAwLCJkZWxldGUiOjEyMDAwMDAwMDAwMDAsInVwZGF0ZSI6MTIwMDAwMDAwMDAwMH0sInNjaGVtYV92ZXJzaW9uIjoiMSJ9",
          "dependencies": [
            "module.containers.aws_ecs_cluster.Task8-ECS-Cluster-Zaeem",
            "module.containers.aws_ecs_task_definition.Task8-ECS-Task-Definition-Zaeem",
            "module.iam.aws_iam_role.Task8_Task_Execution_Role",
            "module.iam.aws_iam_role.Task8_Task_Role",
            "module.loadbalancer.aws_lb_target_group.Task8-ALB-Target-Group-Zaeem",
            "module.networking.aws_vpc.Task8-VPC-Zaeem",
            "module.storage.aws_efs_access_point.Task8-EFS-AP-Zaeem",
            "module.storage.aws_efs_file_system.Task8-EFS-Zaeem"
          ]
        }
      ]
    },
    {
      "module": "module.containers",
      "mode": "managed",
      "type": "aws_ecs_task_definition",
      "name": "Task8-ECS-Task-Definition-Zaeem",
      "provider": "provider[\"registry.terraform.io/hashicorp/aws\"]",
      "instances": [
        {
          "schema_version": 1,
          "attributes": {
            "arn": "arn:aws:ecs:us-west-2:880958245574:task-definition/Task8-ECS-Task-Definition-Zaeem:16",
            "arn_without_revision": "arn:aws:ecs:us-west-2:880958245574:task-definition/Task8-ECS-Task-Definition-Zaeem",
            "container_definitions": "[{\"environment\":[],\"essential\":true,\"image\":\"880958245574.dkr.ecr.us-west-2.amazonaws.com/task8/zaeem:latest\",\"mountPoints\":[{\"containerPath\":\"/mnt/efs\",\"readOnly\":false,\"sourceVolume\":\"efs-storage\"}],\"name\":\"NodeJS-App\",\"portMappings\":[{\"containerPort\":5000,\"hostPort\":0,\"protocol\":\"tcp\"}],\"systemControls\":[],\"volumesFrom\":[]}]",
            "cpu": "256",
            "enable_fault_injection": false,
            "ephemeral_storage": [],
            "execution_role_arn": "arn:aws:iam::880958245574:role/Task8-ecs-task-execution-role-Zaeem",
            "family": "Task8-ECS-Task-Definition-Zaeem",
            "id": "Task8-ECS-Task-Definition-Zaeem",
            "ipc_mode": "",
            "memory": "256",
            "network_mode": "bridge",
            "pid_mode": "",
            "placement_constraints": [],
            "proxy_configuration": [],
            "region": "us-west-2",
            "requires_compatibilities": [
              "EC2"
            ],
            "revision": 16,
            "runtime_platform": [],
            "skip_destroy": false,
            "tags": {
              "Name": "Task8-ECS-Task-Definition-Zaeem"
            },
            "tags_all": {
              "Name": "Task8-ECS-Task-Definition-Zaeem"
            },
            "task_role_arn": "arn:aws:iam::880958245574:role/Task8-ecs-task-role-Zaeem",
            "track_latest": false,
            "volume": [
              {
                "configure_at_launch": false,
                "docker_volume_configuration": [],
                "efs_volume_configuration": [
                  {
                    "authorization_config": [
                      {
                        "access_point_id": "fsap-06180cc9d669f08bc",
                        "iam": ""
                      }
                    ],
                    "file_system_id": "fs-047d1f61669f299a9",
                    "root_directory": "/",
                    "transit_encryption": "ENABLED",
                    "transit_encryption_port": 0
                  }
                ],
                "fsx_windows_file_server_volume_configuration": [],
                "host_path": "",
                "name": "efs-storage"
              }
            ]
          },
          "sensitive_attributes": [],
          "identity_schema_version": 0,
          "private": "eyJzY2hlbWFfdmVyc2lvbiI6IjEifQ==",
          "dependencies": [
            "module.iam.aws_iam_role.Task8_Task_Execution_Role",
            "module.iam.aws_iam_role.Task8_Task_Role",
            "module.storage.aws_efs_access_point.Task8-EFS-AP-Zaeem",
            "module.storage.aws_efs_file_system.Task8-EFS-Zaeem"
          ]
        }
      ]
    },
    {
      "module": "module.iam",
      "mode": "data",
      "type": "aws_iam_policy_document",
      "name": "pipeline_assume_role",
      "provider": "provider[\"registry.terraform.io/hashicorp/aws\"]",
      "instances": [
        {
          "schema_version": 0,
          "attributes": {
            "id": "2245101310",
            "json": "{\n  \"Version\": \"2012-10-17\",\n  \"Statement\": [\n    {\n      \"Effect\": \"Allow\",\n      \"Action\": \"sts:AssumeRole\",\n      \"Principal\": {\n        \"Service\": \"codepipeline.amazonaws.com\"\n      }\n    }\n  ]\n}",
            "minified_json": "{\"Version\":\"2012-10-17\",\"Statement\":[{\"Effect\":\"Allow\",\"Action\":\"sts:AssumeRole\",\"Principal\":{\"Service\":\"codepipeline.amazonaws.com\"}}]}",
            "override_json": null,
            "override_policy_documents": null,
            "policy_id": null,
            "source_json": null,
            "source_policy_documents": null,
            "statement": [
              {
                "actions": [
                  "sts:AssumeRole"
                ],
                "condition": [],
                "effect": "Allow",
                "not_actions": [],
                "not_principals": [],
                "not_resources": [],
                "principals": [
                  {
                    "identifiers": [
                      "codepipeline.amazonaws.com"
                    ],
                    "type": "Service"
                  }
                ],
                "resources": [],
                "sid": ""
              }
            ],
            "version": "2012-10-17"
          },
          "sensitive_attributes": [],
          "identity_schema_version": 0
        }
      ]
    },
    {
      "module": "module.iam",
      "mode": "managed",
      "type": "aws_iam_instance_profile",
      "name": "Task8_ECS_Instance_Profile",
      "provider": "provider[\"registry.terraform.io/hashicorp/aws\"]",
      "instances": [
        {
          "schema_version": 0,
          "attributes": {
            "arn": "arn:aws:iam::880958245574:instance-profile/Task8-ecs-instance-profile-Zaeem",
            "create_date": "2025-12-02T14:18:34Z",
            "id": "Task8-ecs-instance-profile-Zaeem",
            "name": "Task8-ecs-instance-profile-Zaeem",
            "name_prefix": "",
            "path": "/",
            "role": "Task8-ECS-EC2-Role-Zaeem",
            "tags": {},
            "tags_all": {},
            "unique_id": "AIPA42HJUBLDHYIY65PN2"
          },
          "sensitive_attributes": [],
          "identity_schema_version": 0,
          "private": "bnVsbA==",
          "dependencies": [
            "module.iam.aws_iam_role.Task8_ECS_EC2_Role"
          ]
        }
      ]
    },
    {
      "module": "module.iam",
      "mode": "managed",
      "type": "aws_iam_role",
      "name": "Task8_ECS_EC2_Role",
      "provider": "provider[\"registry.terraform.io/hashicorp/aws\"]",
      "instances": [
        {
          "schema_version": 0,
          "attributes": {
            "arn": "arn:aws:iam::880958245574:role/Task8-ECS-EC2-Role-Zaeem",
            "assume_role_policy": "{\"Statement\":[{\"Action\":\"sts:AssumeRole\",\"Effect\":\"Allow\",\"Principal\":{\"Service\":\"ec2.amazonaws.com\"}}],\"Version\":\"2012-10-17\"}",
            "create_date": "2025-12-02T14:18:32Z",
            "description": "",
            "force_detach_policies": false,
            "id": "Task8-ECS-EC2-Role-Zaeem",
            "inline_policy": [],
            "managed_policy_arns": [
              "arn:aws:iam::aws:policy/service-role/AmazonEC2ContainerServiceforEC2Role"
            ],
            "max_session_duration": 3600,
            "name": "Task8-ECS-EC2-Role-Zaeem",
            "name_prefix": "",
            "path": "/",
            "permissions_boundary": "",
            "tags": {},
            "tags_all": {},
            "unique_id": "AROA42HJUBLDBPURVRWY7"
          },
          "sensitive_attributes": [],
          "identity_schema_version": 0,
          "identity": {
            "account_id": "880958245574",
            "name": "Task8-ECS-EC2-Role-Zaeem"
          },
          "private": "bnVsbA=="
        }
      ]
    },
    {
      "module": "module.iam",
      "mode": "managed",
      "type": "aws_iam_role",
      "name": "Task8_Task_Execution_Role",
      "provider": "provider[\"registry.terraform.io/hashicorp/aws\"]",
      "instances": [
        {
          "schema_version": 0,
          "attributes": {
            "arn": "arn:aws:iam::880958245574:role/Task8-ecs-task-execution-role-Zaeem",
            "assume_role_policy": "{\"Statement\":[{\"Action\":\"sts:AssumeRole\",\"Effect\":\"Allow\",\"Principal\":{\"Service\":\"ecs-tasks.amazonaws.com\"}}],\"Version\":\"2012-10-17\"}",
            "create_date": "2025-12-02T14:18:34Z",
            "description": "",
            "force_detach_policies": false,
            "id": "Task8-ecs-task-execution-role-Zaeem",
            "inline_policy": [],
            "managed_policy_arns": [
              "arn:aws:iam::aws:policy/service-role/AmazonECSTaskExecutionRolePolicy"
            ],
            "max_session_duration": 3600,
            "name": "Task8-ecs-task-execution-role-Zaeem",
            "name_prefix": "",
            "path": "/",
            "permissions_boundary": "",
            "tags": {},
            "tags_all": {},
            "unique_id": "AROA42HJUBLDC4CMUTFGZ"
          },
          "sensitive_attributes": [],
          "identity_schema_version": 0,
          "identity": {
            "account_id": "880958245574",
            "name": "Task8-ecs-task-execution-role-Zaeem"
          },
          "private": "bnVsbA=="
        }
      ]
    },
    {
      "module": "module.iam",
      "mode": "managed",
      "type": "aws_iam_role",
      "name": "Task8_Task_Role",
      "provider": "provider[\"registry.terraform.io/hashicorp/aws\"]",
      "instances": [
        {
          "schema_version": 0,
          "attributes": {
            "arn": "arn:aws:iam::880958245574:role/Task8-ecs-task-role-Zaeem",
            "assume_role_policy": "{\"Statement\":[{\"Action\":\"sts:AssumeRole\",\"Effect\":\"Allow\",\"Principal\":{\"Service\":\"ecs-tasks.amazonaws.com\"}}],\"Version\":\"2012-10-17\"}",
            "create_date": "2025-12-02T14:18:32Z",
            "description": "",
            "force_detach_policies": false,
            "id": "Task8-ecs-task-role-Zaeem",
            "inline_policy": [
              {
                "name": "Task8-ecs-task-efs-policy-Zaeem",
                "policy": "{\"Version\":\"2012-10-17\",\"Statement\":[{\"Action\":[\"elasticfilesystem:ClientMount\",\"elasticfilesystem:ClientWrite\",\"elasticfilesystem:DescribeFileSystems\"],\"Effect\":\"Allow\",\"Resource\":\"arn:aws:elasticfilesystem:us-west-2:880958245574:file-system/fs-047d1f61669f299a9\"}]}"
              }
            ],
            "managed_policy_arns": [],
            "max_session_duration": 3600,
            "name": "Task8-ecs-task-role-Zaeem",
            "name_prefix": "",
            "path": "/",
            "permissions_boundary": "",
            "tags": {},
            "tags_all": {},
            "unique_id": "AROA42HJUBLDEFCDTMYWJ"
          },
          "sensitive_attributes": [],
          "identity_schema_version": 0,
          "identity": {
            "account_id": "880958245574",
            "name": "Task8-ecs-task-role-Zaeem"
          },
          "private": "bnVsbA=="
        }
      ]
    },
    {
      "module": "module.iam",
      "mode": "managed",
      "type": "aws_iam_role",
      "name": "codebuild_role",
      "provider": "provider[\"registry.terraform.io/hashicorp/aws\"]",
      "instances": [
        {
          "schema_version": 0,
          "attributes": {
            "arn": "arn:aws:iam::880958245574:role/Task8-CodeBuild-Role-Zaeem",
            "assume_role_policy": "{\"Statement\":[{\"Action\":\"sts:AssumeRole\",\"Effect\":\"Allow\",\"Principal\":{\"Service\":\"codebuild.amazonaws.com\"}}],\"Version\":\"2012-10-17\"}",
            "create_date": "2025-12-02T14:18:32Z",
            "description": "",
            "force_detach_policies": false,
            "id": "Task8-CodeBuild-Role-Zaeem",
            "inline_policy": [
              {
                "name": "Task8-CodeBuild-Policy",
                "policy": "{\"Version\":\"2012-10-17\",\"Statement\":[{\"Action\":[\"ecr:GetAuthorizationToken\",\"ecr:BatchCheckLayerAvailability\",\"ecr:GetDownloadUrlForLayer\",\"ecr:BatchGetImage\",\"ecr:PutImage\",\"ecr:InitiateLayerUpload\",\"ecr:UploadLayerPart\",\"ecr:CompleteLayerUpload\"],\"Effect\":\"Allow\",\"Resource\":\"*\"},{\"Action\":[\"s3:GetObject\",\"s3:PutObject\"],\"Effect\":\"Allow\",\"Resource\":[\"arn:aws:s3:::task8-codepipeline-bucket-zaeem\",\"arn:aws:s3:::task8-codepipeline-bucket-zaeem/*\"]},{\"Action\":[\"logs:CreateLogGroup\",\"logs:CreateLogStream\",\"logs:PutLogEvents\"],\"Effect\":\"Allow\",\"Resource\":\"*\"}]}"
              }
            ],
            "managed_policy_arns": [],
            "max_session_duration": 3600,
            "name": "Task8-CodeBuild-Role-Zaeem",
            "name_prefix": "",
            "path": "/",
            "permissions_boundary": "",
            "tags": {},
            "tags_all": {},
            "unique_id": "AROA42HJUBLDOWGUFIDYQ"
          },
          "sensitive_attributes": [],
          "identity_schema_version": 0,
          "identity": {
            "account_id": "880958245574",
            "name": "Task8-CodeBuild-Role-Zaeem"
          },
          "private": "bnVsbA=="
        }
      ]
    },
    {
      "module": "module.iam",
      "mode": "managed",
      "type": "aws_iam_role",
      "name": "codepipeline_role",
      "provider": "provider[\"registry.terraform.io/hashicorp/aws\"]",
      "instances": [
        {
          "schema_version": 0,
          "attributes": {
            "arn": "arn:aws:iam::880958245574:role/Task8-CodePipeline-Role",
            "assume_role_policy": "{\"Statement\":[{\"Action\":\"sts:AssumeRole\",\"Effect\":\"Allow\",\"Principal\":{\"Service\":\"codepipeline.amazonaws.com\"}}],\"Version\":\"2012-10-17\"}",
            "create_date": "2025-12-02T14:18:32Z",
            "description": "",
            "force_detach_policies": false,
            "id": "Task8-CodePipeline-Role",
            "inline_policy": [
              {
                "name": "Task8-CodePipeline-ECS-Policy",
                "policy": "{\"Version\":\"2012-10-17\",\"Statement\":[{\"Action\":[\"ecs:DescribeTaskDefinition\",\"ecs:RegisterTaskDefinition\"],\"Effect\":\"Allow\",\"Resource\":\"*\",\"Sid\":\"TaskDefinitionPermissions\"},{\"Action\":[\"ecs:DescribeServices\",\"ecs:UpdateService\"],\"Effect\":\"Allow\",\"Resource\":\"arn:aws:ecs:*:880958245574:service/*/*\",\"Sid\":\"ECSServicePermissions\"},{\"Action\":\"ecs:TagResource\",\"Condition\":{\"StringEquals\":{\"ecs:CreateAction\":\"RegisterTaskDefinition\"}},\"Effect\":\"Allow\",\"Resource\":\"arn:aws:ecs:*:880958245574:task-definition/*:*\",\"Sid\":\"ECSTagResource\"},{\"Action\":\"iam:PassRole\",\"Condition\":{\"StringEquals\":{\"iam:PassedToService\":[\"ecs.amazonaws.com\",\"ecs-tasks.amazonaws.com\"]}},\"Effect\":\"Allow\",\"Resource\":\"arn:aws:iam::880958245574:role/*\",\"Sid\":\"IamPassRolePermissions\"}]}"
              }
            ],
            "managed_policy_arns": [],
            "max_session_duration": 3600,
            "name": "Task8-CodePipeline-Role",
            "name_prefix": "",
            "path": "/",
            "permissions_boundary": "",
            "tags": {},
            "tags_all": {},
            "unique_id": "AROA42HJUBLDBZMCEVJOH"
          },
          "sensitive_attributes": [],
          "identity_schema_version": 0,
          "identity": {
            "account_id": "880958245574",
            "name": "Task8-CodePipeline-Role"
          },
          "private": "bnVsbA==",
          "dependencies": [
            "module.iam.data.aws_iam_policy_document.pipeline_assume_role"
          ]
        }
      ]
    },
    {
      "module": "module.iam",
      "mode": "managed",
      "type": "aws_iam_role_policy",
      "name": "Task8_Task_EFS_Policy",
      "provider": "provider[\"registry.terraform.io/hashicorp/aws\"]",
      "instances": [
        {
          "schema_version": 0,
          "attributes": {
            "id": "Task8-ecs-task-role-Zaeem:Task8-ecs-task-efs-policy-Zaeem",
            "name": "Task8-ecs-task-efs-policy-Zaeem",
            "name_prefix": "",
            "policy": "{\"Version\":\"2012-10-17\",\"Statement\":[{\"Action\":[\"elasticfilesystem:ClientMount\",\"elasticfilesystem:ClientWrite\",\"elasticfilesystem:DescribeFileSystems\"],\"Effect\":\"Allow\",\"Resource\":\"arn:aws:elasticfilesystem:us-west-2:880958245574:file-system/fs-047d1f61669f299a9\"}]}",
            "role": "Task8-ecs-task-role-Zaeem"
          },
          "sensitive_attributes": [],
          "identity_schema_version": 0,
          "identity": {
            "account_id": "880958245574",
            "name": "Task8-ecs-task-efs-policy-Zaeem",
            "role": "Task8-ecs-task-role-Zaeem"
          },
          "private": "bnVsbA==",
          "dependencies": [
            "module.iam.aws_iam_role.Task8_Task_Role",
            "module.storage.aws_efs_file_system.Task8-EFS-Zaeem"
          ]
        }
      ]
    },
    {
      "module": "module.iam",
      "mode": "managed",
      "type": "aws_iam_role_policy",
      "name": "codebuild_policy",
      "provider": "provider[\"registry.terraform.io/hashicorp/aws\"]",
      "instances": [
        {
          "schema_version": 0,
          "attributes": {
            "id": "Task8-CodeBuild-Role-Zaeem:Task8-CodeBuild-Policy",
            "name": "Task8-CodeBuild-Policy",
            "name_prefix": "",
            "policy": "{\"Version\":\"2012-10-17\",\"Statement\":[{\"Action\":[\"ecr:GetAuthorizationToken\",\"ecr:BatchCheckLayerAvailability\",\"ecr:GetDownloadUrlForLayer\",\"ecr:BatchGetImage\",\"ecr:PutImage\",\"ecr:InitiateLayerUpload\",\"ecr:UploadLayerPart\",\"ecr:CompleteLayerUpload\"],\"Effect\":\"Allow\",\"Resource\":\"*\"},{\"Action\":[\"s3:GetObject\",\"s3:PutObject\"],\"Effect\":\"Allow\",\"Resource\":[\"arn:aws:s3:::task8-codepipeline-bucket-zaeem\",\"arn:aws:s3:::task8-codepipeline-bucket-zaeem/*\"]},{\"Action\":[\"logs:CreateLogGroup\",\"logs:CreateLogStream\",\"logs:PutLogEvents\"],\"Effect\":\"Allow\",\"Resource\":\"*\"}]}",
            "role": "Task8-CodeBuild-Role-Zaeem"
          },
          "sensitive_attributes": [],
          "identity_schema_version": 0,
          "identity": {
            "account_id": "880958245574",
            "name": "Task8-CodeBuild-Policy",
            "role": "Task8-CodeBuild-Role-Zaeem"
          },
          "private": "bnVsbA==",
          "dependencies": [
            "module.iam.aws_iam_role.codebuild_role",
            "module.storage.aws_s3_bucket.Task8-CodePipeline-Bucket-Zaeem"
          ]
        }
      ]
    },
    {
      "module": "module.iam",
      "mode": "managed",
      "type": "aws_iam_role_policy",
      "name": "codepipeline_ecs_policy",
      "provider": "provider[\"registry.terraform.io/hashicorp/aws\"]",
      "instances": [
        {
          "schema_version": 0,
          "attributes": {
            "id": "Task8-CodePipeline-Role:Task8-CodePipeline-ECS-Policy",
            "name": "Task8-CodePipeline-ECS-Policy",
            "name_prefix": "",
            "policy": "{\"Version\":\"2012-10-17\",\"Statement\":[{\"Action\":[\"ecs:DescribeTaskDefinition\",\"ecs:RegisterTaskDefinition\"],\"Effect\":\"Allow\",\"Resource\":\"*\",\"Sid\":\"TaskDefinitionPermissions\"},{\"Action\":[\"ecs:DescribeServices\",\"ecs:UpdateService\"],\"Effect\":\"Allow\",\"Resource\":\"arn:aws:ecs:*:880958245574:service/*/*\",\"Sid\":\"ECSServicePermissions\"},{\"Action\":\"ecs:TagResource\",\"Condition\":{\"StringEquals\":{\"ecs:CreateAction\":\"RegisterTaskDefinition\"}},\"Effect\":\"Allow\",\"Resource\":\"arn:aws:ecs:*:880958245574:task-definition/*:*\",\"Sid\":\"ECSTagResource\"},{\"Action\":\"iam:PassRole\",\"Condition\":{\"StringEquals\":{\"iam:PassedToService\":[\"ecs.amazonaws.com\",\"ecs-tasks.amazonaws.com\"]}},\"Effect\":\"Allow\",\"Resource\":\"arn:aws:iam::880958245574:role/*\",\"Sid\":\"IamPassRolePermissions\"},{\"Action\":[\"s3:GetObject\",\"s3:GetObjectVersion\",\"s3:PutObject\",\"s3:ListBucket\",\"s3:GetBucketLocation\"],\"Effect\":\"Allow\",\"Resource\":[\"arn:aws:s3:::task8-codepipeline-bucket-zaeem\",\"arn:aws:s3:::task8-codepipeline-bucket-zaeem/*\"]}]}",
            "role": "Task8-CodePipeline-Role"
          },
          "sensitive_attributes": [],
          "identity_schema_version": 0,
          "identity": {
            "account_id": "880958245574",
            "name": "Task8-CodePipeline-ECS-Policy",
            "role": "Task8-CodePipeline-Role"
          },
          "private": "bnVsbA==",
          "dependencies": [
            "module.iam.aws_iam_role.codepipeline_role",
            "module.iam.data.aws_iam_policy_document.pipeline_assume_role",
            "module.storage.aws_s3_bucket.Task8-CodePipeline-Bucket-Zaeem"
          ]
        }
      ]
    },
    {
      "module": "module.iam",
      "mode": "managed",
      "type": "aws_iam_role_policy",
      "name": "codepipeline_s3_policy",
      "provider": "provider[\"registry.terraform.io/hashicorp/aws\"]",
      "instances": [
        {
          "schema_version": 0,
          "attributes": {
            "id": "Task8-CodePipeline-Role:Task8-CodePipeline-S3-Policy",
            "name": "Task8-CodePipeline-S3-Policy",
            "name_prefix": "",
            "policy": "{\"Version\":\"2012-10-17\",\"Statement\":[{\"Action\":[\"s3:GetObject\",\"s3:GetObjectVersion\",\"s3:PutObject\",\"s3:ListBucket\",\"s3:GetBucketVersioning\"],\"Effect\":\"Allow\",\"Resource\":[\"arn:aws:s3:::task8-codepipeline-bucket-zaeem\",\"arn:aws:s3:::task8-codepipeline-bucket-zaeem/*\"],\"Sid\":\"AllowCodePipelineAccess\"}]}",
            "role": "Task8-CodePipeline-Role"
          },
          "sensitive_attributes": [],
          "identity_schema_version": 0,
          "identity": {
            "account_id": "880958245574",
            "name": "Task8-CodePipeline-S3-Policy",
            "role": "Task8-CodePipeline-Role"
          },
          "private": "bnVsbA==",
          "dependencies": [
            "module.iam.aws_iam_role.codepipeline_role",
            "module.iam.data.aws_iam_policy_document.pipeline_assume_role",
            "module.storage.aws_s3_bucket.Task8-CodePipeline-Bucket-Zaeem"
          ]
        }
      ]
    },
    {
      "module": "module.iam",
      "mode": "managed",
      "type": "aws_iam_role_policy_attachment",
      "name": "Task8_ECS_EC2_Role_Attach",
      "provider": "provider[\"registry.terraform.io/hashicorp/aws\"]",
      "instances": [
        {
          "schema_version": 0,
          "attributes": {
            "id": "Task8-ECS-EC2-Role-Zaeem/arn:aws:iam::aws:policy/service-role/AmazonEC2ContainerServiceforEC2Role",
            "policy_arn": "arn:aws:iam::aws:policy/service-role/AmazonEC2ContainerServiceforEC2Role",
            "role": "Task8-ECS-EC2-Role-Zaeem"
          },
          "sensitive_attributes": [],
          "identity_schema_version": 0,
          "identity": {
            "account_id": "880958245574",
            "policy_arn": "arn:aws:iam::aws:policy/service-role/AmazonEC2ContainerServiceforEC2Role",
            "role": "Task8-ECS-EC2-Role-Zaeem"
          },
          "private": "bnVsbA==",
          "dependencies": [
            "module.iam.aws_iam_role.Task8_ECS_EC2_Role"
          ]
        }
      ]
    },
    {
      "module": "module.iam",
      "mode": "managed",
      "type": "aws_iam_role_policy_attachment",
      "name": "Task8_Task_Execution_Attach",
      "provider": "provider[\"registry.terraform.io/hashicorp/aws\"]",
      "instances": [
        {
          "schema_version": 0,
          "attributes": {
            "id": "Task8-ecs-task-execution-role-Zaeem/arn:aws:iam::aws:policy/service-role/AmazonECSTaskExecutionRolePolicy",
            "policy_arn": "arn:aws:iam::aws:policy/service-role/AmazonECSTaskExecutionRolePolicy",
            "role": "Task8-ecs-task-execution-role-Zaeem"
          },
          "sensitive_attributes": [],
          "identity_schema_version": 0,
          "identity": {
            "account_id": "880958245574",
            "policy_arn": "arn:aws:iam::aws:policy/service-role/AmazonECSTaskExecutionRolePolicy",
            "role": "Task8-ecs-task-execution-role-Zaeem"
          },
          "private": "bnVsbA==",
          "dependencies": [
            "module.iam.aws_iam_role.Task8_Task_Execution_Role"
          ]
        }
      ]
    },
    {
      "module": "module.loadbalancer",
      "mode": "managed",
      "type": "aws_lb",
      "name": "Task8-ALB-A-Zaeem",
      "provider": "provider[\"registry.terraform.io/hashicorp/aws\"]",
      "instances": [
        {
          "schema_version": 0,
          "attributes": {
            "access_logs": [
              {
                "bucket": "",
                "enabled": false,
                "prefix": ""
              }
            ],
            "arn": "arn:aws:elasticloadbalancing:us-west-2:880958245574:loadbalancer/app/Task8-ALB-A-Zaeem/3330680984198999",
            "arn_suffix": "app/Task8-ALB-A-Zaeem/3330680984198999",
            "client_keep_alive": 3600,
            "connection_logs": [
              {
                "bucket": "",
                "enabled": false,
                "prefix": ""
              }
            ],
            "customer_owned_ipv4_pool": "",
            "desync_mitigation_mode": "defensive",
            "dns_name": "Task8-ALB-A-Zaeem-1969410025.us-west-2.elb.amazonaws.com",
            "dns_record_client_routing_policy": null,
            "drop_invalid_header_fields": false,
            "enable_cross_zone_load_balancing": true,
            "enable_deletion_protection": false,
            "enable_http2": true,
            "enable_tls_version_and_cipher_suite_headers": false,
            "enable_waf_fail_open": false,
            "enable_xff_client_port": false,
            "enable_zonal_shift": false,
            "enforce_security_group_inbound_rules_on_private_link_traffic": "",
            "id": "arn:aws:elasticloadbalancing:us-west-2:880958245574:loadbalancer/app/Task8-ALB-A-Zaeem/3330680984198999",
            "idle_timeout": 60,
            "internal": false,
            "ip_address_type": "ipv4",
            "ipam_pools": [],
            "load_balancer_type": "application",
            "minimum_load_balancer_capacity": [],
            "name": "Task8-ALB-A-Zaeem",
            "name_prefix": "",
            "preserve_host_header": false,
            "region": "us-west-2",
            "secondary_ips_auto_assigned_per_subnet": null,
            "security_groups": [
              "sg-03ae7a0cfe5484eed"
            ],
            "subnet_mapping": [
              {
                "allocation_id": "",
                "ipv6_address": "",
                "outpost_id": "",
                "private_ipv4_address": "",
                "subnet_id": "subnet-097056f4ad974d766"
              },
              {
                "allocation_id": "",
                "ipv6_address": "",
                "outpost_id": "",
                "private_ipv4_address": "",
                "subnet_id": "subnet-0eefe88e1cad33b17"
              }
            ],
            "subnets": [
              "subnet-097056f4ad974d766",
              "subnet-0eefe88e1cad33b17"
            ],
            "tags": {
              "Name": "Task8-ALB-A-Zaeem"
            },
            "tags_all": {
              "Name": "Task8-ALB-A-Zaeem"
            },
            "timeouts": null,
            "vpc_id": "vpc-08e12832b2d654c42",
            "xff_header_processing_mode": "append",
            "zone_id": "Z1H1FL5HABSF5"
          },
          "sensitive_attributes": [],
          "identity_schema_version": 0,
          "identity": {
            "arn": "arn:aws:elasticloadbalancing:us-west-2:880958245574:loadbalancer/app/Task8-ALB-A-Zaeem/3330680984198999"
          },
          "private": "eyJlMmJmYjczMC1lY2FhLTExZTYtOGY4OC0zNDM2M2JjN2M0YzAiOnsiY3JlYXRlIjo2MDAwMDAwMDAwMDAsImRlbGV0ZSI6NjAwMDAwMDAwMDAwLCJ1cGRhdGUiOjYwMDAwMDAwMDAwMH19",
          "dependencies": [
            "module.networking.aws_security_group.Task8-ALB-SG-Zaeem",
            "module.networking.aws_subnet.Task8-Public-Subnet-A-Zaeem",
            "module.networking.aws_subnet.Task8-Public-Subnet-B-Zaeem",
            "module.networking.aws_vpc.Task8-VPC-Zaeem"
          ]
        }
      ]
    },
    {
      "module": "module.loadbalancer",
      "mode": "managed",
      "type": "aws_lb_listener",
      "name": "Task8-ALB-B-Zaeem",
      "provider": "provider[\"registry.terraform.io/hashicorp/aws\"]",
      "instances": [
        {
          "schema_version": 0,
          "attributes": {
            "alpn_policy": null,
            "arn": "arn:aws:elasticloadbalancing:us-west-2:880958245574:listener/app/Task8-ALB-A-Zaeem/3330680984198999/904c0de4f8ffcb89",
            "certificate_arn": null,
            "default_action": [
              {
                "authenticate_cognito": [],
                "authenticate_oidc": [],
                "fixed_response": [],
                "forward": [],
                "jwt_validation": [],
                "order": 1,
                "redirect": [],
                "target_group_arn": "arn:aws:elasticloadbalancing:us-west-2:880958245574:targetgroup/Task8-ALB-Target-Group-Zaeem/fd362b7ec6d57497",
                "type": "forward"
              }
            ],
            "id": "arn:aws:elasticloadbalancing:us-west-2:880958245574:listener/app/Task8-ALB-A-Zaeem/3330680984198999/904c0de4f8ffcb89",
            "load_balancer_arn": "arn:aws:elasticloadbalancing:us-west-2:880958245574:loadbalancer/app/Task8-ALB-A-Zaeem/3330680984198999",
            "mutual_authentication": [],
            "port": 5000,
            "protocol": "HTTP",
            "region": "us-west-2",
            "routing_http_request_x_amzn_mtls_clientcert_header_name": null,
            "routing_http_request_x_amzn_mtls_clientcert_issuer_header_name": null,
            "routing_http_request_x_amzn_mtls_clientcert_leaf_header_name": null,
            "routing_http_request_x_amzn_mtls_clientcert_serial_number_header_name": null,
            "routing_http_request_x_amzn_mtls_clientcert_subject_header_name": null,
            "routing_http_request_x_amzn_mtls_clientcert_validity_header_name": null,
            "routing_http_request_x_amzn_tls_cipher_suite_header_name": null,
            "routing_http_request_x_amzn_tls_version_header_name": null,
            "routing_http_response_access_control_allow_credentials_header_value": "",
            "routing_http_response_access_control_allow_headers_header_value": "",
            "routing_http_response_access_control_allow_methods_header_value": "",
            "routing_http_response_access_control_allow_origin_header_value": "",
            "routing_http_response_access_control_expose_headers_header_value": "",
            "routing_http_response_access_control_max_age_header_value": "",
            "routing_http_response_content_security_policy_header_value": "",
            "routing_http_response_server_enabled": true,
            "routing_http_response_strict_transport_security_header_value": "",
            "routing_http_response_x_content_type_options_header_value": "",
            "routing_http_response_x_frame_options_header_value": "",
            "ssl_policy": "",
            "tags": {},
            "tags_all": {},
            "tcp_idle_timeout_seconds": null,
            "timeouts": null
          },
          "sensitive_attributes": [],
          "identity_schema_version": 0,
          "identity": {
            "arn": "arn:aws:elasticloadbalancing:us-west-2:880958245574:listener/app/Task8-ALB-A-Zaeem/3330680984198999/904c0de4f8ffcb89"
          },
          "private": "eyJlMmJmYjczMC1lY2FhLTExZTYtOGY4OC0zNDM2M2JjN2M0YzAiOnsiY3JlYXRlIjozMDAwMDAwMDAwMDAsInVwZGF0ZSI6MzAwMDAwMDAwMDAwfX0=",
          "dependencies": [
            "module.loadbalancer.aws_lb.Task8-ALB-A-Zaeem",
            "module.loadbalancer.aws_lb_target_group.Task8-ALB-Target-Group-Zaeem",
            "module.networking.aws_security_group.Task8-ALB-SG-Zaeem",
            "module.networking.aws_subnet.Task8-Public-Subnet-A-Zaeem",
            "module.networking.aws_subnet.Task8-Public-Subnet-B-Zaeem",
            "module.networking.aws_vpc.Task8-VPC-Zaeem"
          ]
        }
      ]
    },
    {
      "module": "module.loadbalancer",
      "mode": "managed",
      "type": "aws_lb_target_group",
      "name": "Task8-ALB-Target-Group-Zaeem",
      "provider": "provider[\"registry.terraform.io/hashicorp/aws\"]",
      "instances": [
        {
          "schema_version": 0,
          "attributes": {
            "arn": "arn:aws:elasticloadbalancing:us-west-2:880958245574:targetgroup/Task8-ALB-Target-Group-Zaeem/fd362b7ec6d57497",
            "arn_suffix": "targetgroup/Task8-ALB-Target-Group-Zaeem/fd362b7ec6d57497",
            "connection_termination": null,
            "deregistration_delay": "300",
            "health_check": [
              {
                "enabled": true,
                "healthy_threshold": 2,
                "interval": 30,
                "matcher": "200",
                "path": "/",
                "port": "traffic-port",
                "protocol": "HTTP",
                "timeout": 5,
                "unhealthy_threshold": 2
              }
            ],
            "id": "arn:aws:elasticloadbalancing:us-west-2:880958245574:targetgroup/Task8-ALB-Target-Group-Zaeem/fd362b7ec6d57497",
            "ip_address_type": "ipv4",
            "lambda_multi_value_headers_enabled": false,
            "load_balancer_arns": [
              "arn:aws:elasticloadbalancing:us-west-2:880958245574:loadbalancer/app/Task8-ALB-A-Zaeem/3330680984198999"
            ],
            "load_balancing_algorithm_type": "round_robin",
            "load_balancing_anomaly_mitigation": "off",
            "load_balancing_cross_zone_enabled": "use_load_balancer_configuration",
            "name": "Task8-ALB-Target-Group-Zaeem",
            "name_prefix": "",
            "port": 5000,
            "preserve_client_ip": null,
            "protocol": "HTTP",
            "protocol_version": "HTTP1",
            "proxy_protocol_v2": false,
            "region": "us-west-2",
            "slow_start": 0,
            "stickiness": [
              {
                "cookie_duration": 86400,
                "cookie_name": "",
                "enabled": false,
                "type": "lb_cookie"
              }
            ],
            "tags": {
              "Name": "Task8-ALB-Target-Group-Zaeem"
            },
            "tags_all": {
              "Name": "Task8-ALB-Target-Group-Zaeem"
            },
            "target_failover": [
              {
                "on_deregistration": null,
                "on_unhealthy": null
              }
            ],
            "target_group_health": [
              {
                "dns_failover": [
                  {
                    "minimum_healthy_targets_count": "1",
                    "minimum_healthy_targets_percentage": "off"
                  }
                ],
                "unhealthy_state_routing": [
                  {
                    "minimum_healthy_targets_count": 1,
                    "minimum_healthy_targets_percentage": "off"
                  }
                ]
              }
            ],
            "target_health_state": [
              {
                "enable_unhealthy_connection_termination": null,
                "unhealthy_draining_interval": null
              }
            ],
            "target_type": "instance",
            "vpc_id": "vpc-08e12832b2d654c42"
          },
          "sensitive_attributes": [],
          "identity_schema_version": 0,
          "identity": {
            "arn": "arn:aws:elasticloadbalancing:us-west-2:880958245574:targetgroup/Task8-ALB-Target-Group-Zaeem/fd362b7ec6d57497"
          },
          "private": "bnVsbA==",
          "dependencies": [
            "module.networking.aws_vpc.Task8-VPC-Zaeem"
          ]
        }
      ]
    },
    {
      "module": "module.networking",
      "mode": "managed",
      "type": "aws_eip",
      "name": "Task8-NAT-A-EIP-Zaeem",
      "provider": "provider[\"registry.terraform.io/hashicorp/aws\"]",
      "instances": [
        {
          "schema_version": 0,
          "attributes": {
            "address": null,
            "allocation_id": "eipalloc-04154340fa8d26dfb",
            "arn": "arn:aws:ec2:us-west-2:880958245574:elastic-ip/eipalloc-04154340fa8d26dfb",
            "associate_with_private_ip": null,
            "association_id": "eipassoc-04c11f7966101932a",
            "carrier_ip": "",
            "customer_owned_ip": "",
            "customer_owned_ipv4_pool": "",
            "domain": "vpc",
            "id": "eipalloc-04154340fa8d26dfb",
            "instance": "",
            "ipam_pool_id": null,
            "network_border_group": "us-west-2",
            "network_interface": "eni-06b08e9fa10286441",
            "private_dns": "ip-10-0-3-228.us-west-2.compute.internal",
            "private_ip": "10.0.3.228",
            "ptr_record": "",
            "public_dns": "ec2-54-186-167-113.us-west-2.compute.amazonaws.com",
            "public_ip": "54.186.167.113",
            "public_ipv4_pool": "amazon",
            "region": "us-west-2",
            "tags": {
              "Name": "Task8-NAT-A-EIP-Zaeem"
            },
            "tags_all": {
              "Name": "Task8-NAT-A-EIP-Zaeem"
            },
            "timeouts": null
          },
          "sensitive_attributes": [],
          "identity_schema_version": 0,
          "private": "eyJlMmJmYjczMC1lY2FhLTExZTYtOGY4OC0zNDM2M2JjN2M0YzAiOnsiZGVsZXRlIjoxODAwMDAwMDAwMDAsInJlYWQiOjkwMDAwMDAwMDAwMCwidXBkYXRlIjozMDAwMDAwMDAwMDB9fQ=="
        }
      ]
    },
    {
      "module": "module.networking",
      "mode": "managed",
      "type": "aws_eip",
      "name": "Task8-NAT-B-EIP-Zaeem",
      "provider": "provider[\"registry.terraform.io/hashicorp/aws\"]",
      "instances": [
        {
          "schema_version": 0,
          "attributes": {
            "address": null,
            "allocation_id": "eipalloc-040dea8cdbab1bf55",
            "arn": "arn:aws:ec2:us-west-2:880958245574:elastic-ip/eipalloc-040dea8cdbab1bf55",
            "associate_with_private_ip": null,
            "association_id": "eipassoc-06a950e5d6aeda6a8",
            "carrier_ip": "",
            "customer_owned_ip": "",
            "customer_owned_ipv4_pool": "",
            "domain": "vpc",
            "id": "eipalloc-040dea8cdbab1bf55",
            "instance": "",
            "ipam_pool_id": null,
            "network_border_group": "us-west-2",
            "network_interface": "eni-054094f1c6f7f120c",
            "private_dns": "ip-10-0-4-69.us-west-2.compute.internal",
            "private_ip": "10.0.4.69",
            "ptr_record": "",
            "public_dns": "ec2-100-22-105-204.us-west-2.compute.amazonaws.com",
            "public_ip": "100.22.105.204",
            "public_ipv4_pool": "amazon",
            "region": "us-west-2",
            "tags": {
              "Name": "Task8-NAT-B-EIP-Zaeem"
            },
            "tags_all": {
              "Name": "Task8-NAT-B-EIP-Zaeem"
            },
            "timeouts": null
          },
          "sensitive_attributes": [],
          "identity_schema_version": 0,
          "private": "eyJlMmJmYjczMC1lY2FhLTExZTYtOGY4OC0zNDM2M2JjN2M0YzAiOnsiZGVsZXRlIjoxODAwMDAwMDAwMDAsInJlYWQiOjkwMDAwMDAwMDAwMCwidXBkYXRlIjozMDAwMDAwMDAwMDB9fQ=="
        }
      ]
    },
    {
      "module": "module.networking",
      "mode": "managed",
      "type": "aws_internet_gateway",
      "name": "Task8-IGW-Zaeem",
      "provider": "provider[\"registry.terraform.io/hashicorp/aws\"]",
      "instances": [
        {
          "schema_version": 0,
          "attributes": {
            "arn": "arn:aws:ec2:us-west-2:880958245574:internet-gateway/igw-07b9ee5ccdfe6200f",
            "id": "igw-07b9ee5ccdfe6200f",
            "owner_id": "880958245574",
            "region": "us-west-2",
            "tags": {
              "Name": "Task8-IGW-Zaeem"
            },
            "tags_all": {
              "Name": "Task8-IGW-Zaeem"
            },
            "timeouts": null,
            "vpc_id": "vpc-08e12832b2d654c42"
          },
          "sensitive_attributes": [],
          "identity_schema_version": 0,
          "private": "eyJlMmJmYjczMC1lY2FhLTExZTYtOGY4OC0zNDM2M2JjN2M0YzAiOnsiY3JlYXRlIjoxMjAwMDAwMDAwMDAwLCJkZWxldGUiOjEyMDAwMDAwMDAwMDAsInVwZGF0ZSI6MTIwMDAwMDAwMDAwMH19",
          "dependencies": [
            "module.networking.aws_vpc.Task8-VPC-Zaeem"
          ]
        }
      ]
    },
    {
      "module": "module.networking",
      "mode": "managed",
      "type": "aws_nat_gateway",
      "name": "Task8-NAT-A-Zaeem",
      "provider": "provider[\"registry.terraform.io/hashicorp/aws\"]",
      "instances": [
        {
          "schema_version": 0,
          "attributes": {
            "allocation_id": "eipalloc-04154340fa8d26dfb",
            "association_id": "eipassoc-04c11f7966101932a",
            "connectivity_type": "public",
            "id": "nat-08eb9c1cbd48b0c53",
            "network_interface_id": "eni-06b08e9fa10286441",
            "private_ip": "10.0.3.228",
            "public_ip": "54.186.167.113",
            "region": "us-west-2",
            "secondary_allocation_ids": [],
            "secondary_private_ip_address_count": 0,
            "secondary_private_ip_addresses": [],
            "subnet_id": "subnet-097056f4ad974d766",
            "tags": {
              "Name": "Task8-NAT-A-Zaeem"
            },
            "tags_all": {
              "Name": "Task8-NAT-A-Zaeem"
            },
            "timeouts": null
          },
          "sensitive_attributes": [],
          "identity_schema_version": 0,
          "private": "eyJlMmJmYjczMC1lY2FhLTExZTYtOGY4OC0zNDM2M2JjN2M0YzAiOnsiY3JlYXRlIjo2MDAwMDAwMDAwMDAsImRlbGV0ZSI6MTgwMDAwMDAwMDAwMCwidXBkYXRlIjo2MDAwMDAwMDAwMDB9fQ==",
          "dependencies": [
            "module.networking.aws_eip.Task8-NAT-A-EIP-Zaeem",
            "module.networking.aws_subnet.Task8-Public-Subnet-A-Zaeem",
            "module.networking.aws_vpc.Task8-VPC-Zaeem"
          ]
        }
      ]
    },
    {
      "module": "module.networking",
      "mode": "managed",
      "type": "aws_nat_gateway",
      "name": "Task8-NAT-B-Zaeem",
      "provider": "provider[\"registry.terraform.io/hashicorp/aws\"]",
      "instances": [
        {
          "schema_version": 0,
          "attributes": {
            "allocation_id": "eipalloc-040dea8cdbab1bf55",
            "association_id": "eipassoc-06a950e5d6aeda6a8",
            "connectivity_type": "public",
            "id": "nat-0312b04cb4b0954a7",
            "network_interface_id": "eni-054094f1c6f7f120c",
            "private_ip": "10.0.4.69",
            "public_ip": "100.22.105.204",
            "region": "us-west-2",
            "secondary_allocation_ids": [],
            "secondary_private_ip_address_count": 0,
            "secondary_private_ip_addresses": [],
            "subnet_id": "subnet-0eefe88e1cad33b17",
            "tags": {
              "Name": "Task8-NAT-B-Zaeem"
            },
            "tags_all": {
              "Name": "Task8-NAT-B-Zaeem"
            },
            "timeouts": null
          },
          "sensitive_attributes": [],
          "identity_schema_version": 0,
          "private": "eyJlMmJmYjczMC1lY2FhLTExZTYtOGY4OC0zNDM2M2JjN2M0YzAiOnsiY3JlYXRlIjo2MDAwMDAwMDAwMDAsImRlbGV0ZSI6MTgwMDAwMDAwMDAwMCwidXBkYXRlIjo2MDAwMDAwMDAwMDB9fQ==",
          "dependencies": [
            "module.networking.aws_eip.Task8-NAT-B-EIP-Zaeem",
            "module.networking.aws_subnet.Task8-Public-Subnet-B-Zaeem",
            "module.networking.aws_vpc.Task8-VPC-Zaeem"
          ]
        }
      ]
    },
    {
      "module": "module.networking",
      "mode": "managed",
      "type": "aws_route_table",
      "name": "Private-RT-A-Zaeem",
      "provider": "provider[\"registry.terraform.io/hashicorp/aws\"]",
      "instances": [
        {
          "schema_version": 0,
          "attributes": {
            "arn": "arn:aws:ec2:us-west-2:880958245574:route-table/rtb-00d8208d004c7bde3",
            "id": "rtb-00d8208d004c7bde3",
            "owner_id": "880958245574",
            "propagating_vgws": [],
            "region": "us-west-2",
            "route": [
              {
                "carrier_gateway_id": "",
                "cidr_block": "0.0.0.0/0",
                "core_network_arn": "",
                "destination_prefix_list_id": "",
                "egress_only_gateway_id": "",
                "gateway_id": "",
                "ipv6_cidr_block": "",
                "local_gateway_id": "",
                "nat_gateway_id": "nat-08eb9c1cbd48b0c53",
                "network_interface_id": "",
                "transit_gateway_id": "",
                "vpc_endpoint_id": "",
                "vpc_peering_connection_id": ""
              }
            ],
            "tags": {
              "Name": "Private-RT-A-Zaeem"
            },
            "tags_all": {
              "Name": "Private-RT-A-Zaeem"
            },
            "timeouts": null,
            "vpc_id": "vpc-08e12832b2d654c42"
          },
          "sensitive_attributes": [],
          "identity_schema_version": 0,
          "identity": {
            "account_id": "880958245574",
            "id": "rtb-00d8208d004c7bde3",
            "region": "us-west-2"
          },
          "private": "eyJlMmJmYjczMC1lY2FhLTExZTYtOGY4OC0zNDM2M2JjN2M0YzAiOnsiY3JlYXRlIjozMDAwMDAwMDAwMDAsImRlbGV0ZSI6MzAwMDAwMDAwMDAwLCJ1cGRhdGUiOjEyMDAwMDAwMDAwMH19",
          "dependencies": [
            "module.networking.aws_eip.Task8-NAT-A-EIP-Zaeem",
            "module.networking.aws_nat_gateway.Task8-NAT-A-Zaeem",
            "module.networking.aws_subnet.Task8-Public-Subnet-A-Zaeem",
            "module.networking.aws_vpc.Task8-VPC-Zaeem"
          ]
        }
      ]
    },
    {
      "module": "module.networking",
      "mode": "managed",
      "type": "aws_route_table",
      "name": "Private-RT-B-Zaeem",
      "provider": "provider[\"registry.terraform.io/hashicorp/aws\"]",
      "instances": [
        {
          "schema_version": 0,
          "attributes": {
            "arn": "arn:aws:ec2:us-west-2:880958245574:route-table/rtb-0c19f452494921cf5",
            "id": "rtb-0c19f452494921cf5",
            "owner_id": "880958245574",
            "propagating_vgws": [],
            "region": "us-west-2",
            "route": [
              {
                "carrier_gateway_id": "",
                "cidr_block": "0.0.0.0/0",
                "core_network_arn": "",
                "destination_prefix_list_id": "",
                "egress_only_gateway_id": "",
                "gateway_id": "",
                "ipv6_cidr_block": "",
                "local_gateway_id": "",
                "nat_gateway_id": "nat-0312b04cb4b0954a7",
                "network_interface_id": "",
                "transit_gateway_id": "",
                "vpc_endpoint_id": "",
                "vpc_peering_connection_id": ""
              }
            ],
            "tags": {
              "Name": "Private-RT-B-Zaeem"
            },
            "tags_all": {
              "Name": "Private-RT-B-Zaeem"
            },
            "timeouts": null,
            "vpc_id": "vpc-08e12832b2d654c42"
          },
          "sensitive_attributes": [],
          "identity_schema_version": 0,
          "identity": {
            "account_id": "880958245574",
            "id": "rtb-0c19f452494921cf5",
            "region": "us-west-2"
          },
          "private": "eyJlMmJmYjczMC1lY2FhLTExZTYtOGY4OC0zNDM2M2JjN2M0YzAiOnsiY3JlYXRlIjozMDAwMDAwMDAwMDAsImRlbGV0ZSI6MzAwMDAwMDAwMDAwLCJ1cGRhdGUiOjEyMDAwMDAwMDAwMH19",
          "dependencies": [
            "module.networking.aws_eip.Task8-NAT-B-EIP-Zaeem",
            "module.networking.aws_nat_gateway.Task8-NAT-B-Zaeem",
            "module.networking.aws_subnet.Task8-Public-Subnet-B-Zaeem",
            "module.networking.aws_vpc.Task8-VPC-Zaeem"
          ]
        }
      ]
    },
    {
      "module": "module.networking",
      "mode": "managed",
      "type": "aws_route_table",
      "name": "Public-RT-Zaeem",
      "provider": "provider[\"registry.terraform.io/hashicorp/aws\"]",
      "instances": [
        {
          "schema_version": 0,
          "attributes": {
            "arn": "arn:aws:ec2:us-west-2:880958245574:route-table/rtb-02c7ccb9b8de98d4c",
            "id": "rtb-02c7ccb9b8de98d4c",
            "owner_id": "880958245574",
            "propagating_vgws": [],
            "region": "us-west-2",
            "route": [
              {
                "carrier_gateway_id": "",
                "cidr_block": "0.0.0.0/0",
                "core_network_arn": "",
                "destination_prefix_list_id": "",
                "egress_only_gateway_id": "",
                "gateway_id": "igw-07b9ee5ccdfe6200f",
                "ipv6_cidr_block": "",
                "local_gateway_id": "",
                "nat_gateway_id": "",
                "network_interface_id": "",
                "transit_gateway_id": "",
                "vpc_endpoint_id": "",
                "vpc_peering_connection_id": ""
              }
            ],
            "tags": {
              "Name": "Public-RT-Zaeem"
            },
            "tags_all": {
              "Name": "Public-RT-Zaeem"
            },
            "timeouts": null,
            "vpc_id": "vpc-08e12832b2d654c42"
          },
          "sensitive_attributes": [],
          "identity_schema_version": 0,
          "identity": {
            "account_id": "880958245574",
            "id": "rtb-02c7ccb9b8de98d4c",
            "region": "us-west-2"
          },
          "private": "eyJlMmJmYjczMC1lY2FhLTExZTYtOGY4OC0zNDM2M2JjN2M0YzAiOnsiY3JlYXRlIjozMDAwMDAwMDAwMDAsImRlbGV0ZSI6MzAwMDAwMDAwMDAwLCJ1cGRhdGUiOjEyMDAwMDAwMDAwMH19",
          "dependencies": [
            "module.networking.aws_internet_gateway.Task8-IGW-Zaeem",
            "module.networking.aws_vpc.Task8-VPC-Zaeem"
          ]
        }
      ]
    },
    {
      "module": "module.networking",
      "mode": "managed",
      "type": "aws_route_table_association",
      "name": "Private-RT-Assoc-A-Zaeem",
      "provider": "provider[\"registry.terraform.io/hashicorp/aws\"]",
      "instances": [
        {
          "schema_version": 0,
          "attributes": {
            "gateway_id": "",
            "id": "rtbassoc-01da265abd76914d9",
            "region": "us-west-2",
            "route_table_id": "rtb-00d8208d004c7bde3",
            "subnet_id": "subnet-00ff8aa6303982b81",
            "timeouts": null
          },
          "sensitive_attributes": [],
          "identity_schema_version": 0,
          "private": "eyJlMmJmYjczMC1lY2FhLTExZTYtOGY4OC0zNDM2M2JjN2M0YzAiOnsiY3JlYXRlIjozMDAwMDAwMDAwMDAsImRlbGV0ZSI6MzAwMDAwMDAwMDAwLCJ1cGRhdGUiOjEyMDAwMDAwMDAwMH19",
          "dependencies": [
            "module.networking.aws_eip.Task8-NAT-A-EIP-Zaeem",
            "module.networking.aws_nat_gateway.Task8-NAT-A-Zaeem",
            "module.networking.aws_route_table.Private-RT-A-Zaeem",
            "module.networking.aws_subnet.Task8-Private-Subnet-A-Zaeem",
            "module.networking.aws_subnet.Task8-Public-Subnet-A-Zaeem",
            "module.networking.aws_vpc.Task8-VPC-Zaeem"
          ]
        }
      ]
    },
    {
      "module": "module.networking",
      "mode": "managed",
      "type": "aws_route_table_association",
      "name": "Private-RT-Assoc-B-Zaeem",
      "provider": "provider[\"registry.terraform.io/hashicorp/aws\"]",
      "instances": [
        {
          "schema_version": 0,
          "attributes": {
            "gateway_id": "",
            "id": "rtbassoc-0944d014f103c8fd6",
            "region": "us-west-2",
            "route_table_id": "rtb-0c19f452494921cf5",
            "subnet_id": "subnet-08f842dea112ac1a2",
            "timeouts": null
          },
          "sensitive_attributes": [],
          "identity_schema_version": 0,
          "private": "eyJlMmJmYjczMC1lY2FhLTExZTYtOGY4OC0zNDM2M2JjN2M0YzAiOnsiY3JlYXRlIjozMDAwMDAwMDAwMDAsImRlbGV0ZSI6MzAwMDAwMDAwMDAwLCJ1cGRhdGUiOjEyMDAwMDAwMDAwMH19",
          "dependencies": [
            "module.networking.aws_eip.Task8-NAT-B-EIP-Zaeem",
            "module.networking.aws_nat_gateway.Task8-NAT-B-Zaeem",
            "module.networking.aws_route_table.Private-RT-B-Zaeem",
            "module.networking.aws_subnet.Task8-Private-Subnet-B-Zaeem",
            "module.networking.aws_subnet.Task8-Public-Subnet-B-Zaeem",
            "module.networking.aws_vpc.Task8-VPC-Zaeem"
          ]
        }
      ]
    },
    {
      "module": "module.networking",
      "mode": "managed",
      "type": "aws_route_table_association",
      "name": "Public-RT-Assoc-A-Zaeem",
      "provider": "provider[\"registry.terraform.io/hashicorp/aws\"]",
      "instances": [
        {
          "schema_version": 0,
          "attributes": {
            "gateway_id": "",
            "id": "rtbassoc-071001ee237e77631",
            "region": "us-west-2",
            "route_table_id": "rtb-02c7ccb9b8de98d4c",
            "subnet_id": "subnet-097056f4ad974d766",
            "timeouts": null
          },
          "sensitive_attributes": [],
          "identity_schema_version": 0,
          "private": "eyJlMmJmYjczMC1lY2FhLTExZTYtOGY4OC0zNDM2M2JjN2M0YzAiOnsiY3JlYXRlIjozMDAwMDAwMDAwMDAsImRlbGV0ZSI6MzAwMDAwMDAwMDAwLCJ1cGRhdGUiOjEyMDAwMDAwMDAwMH19",
          "dependencies": [
            "module.networking.aws_internet_gateway.Task8-IGW-Zaeem",
            "module.networking.aws_route_table.Public-RT-Zaeem",
            "module.networking.aws_subnet.Task8-Public-Subnet-A-Zaeem",
            "module.networking.aws_vpc.Task8-VPC-Zaeem"
          ]
        }
      ]
    },
    {
      "module": "module.networking",
      "mode": "managed",
      "type": "aws_security_group",
      "name": "Task8-ALB-SG-Zaeem",
      "provider": "provider[\"registry.terraform.io/hashicorp/aws\"]",
      "instances": [
        {
          "schema_version": 1,
          "attributes": {
            "arn": "arn:aws:ec2:us-west-2:880958245574:security-group/sg-03ae7a0cfe5484eed",
            "description": "Security group for ALB",
            "egress": [
              {
                "cidr_blocks": [
                  "0.0.0.0/0"
                ],
                "description": "",
                "from_port": 0,
                "ipv6_cidr_blocks": [],
                "prefix_list_ids": [],
                "protocol": "-1",
                "security_groups": [],
                "self": false,
                "to_port": 0
              }
            ],
            "id": "sg-03ae7a0cfe5484eed",
            "ingress": [
              {
                "cidr_blocks": [
                  "0.0.0.0/0"
                ],
                "description": "",
                "from_port": 5000,
                "ipv6_cidr_blocks": [],
                "prefix_list_ids": [],
                "protocol": "tcp",
                "security_groups": [],
                "self": false,
                "to_port": 5000
              }
            ],
            "name": "Task8-alb-sg-zaeem",
            "name_prefix": "",
            "owner_id": "880958245574",
            "region": "us-west-2",
            "revoke_rules_on_delete": false,
            "tags": {
              "Name": "Task8-alb-sg-zaeem"
            },
            "tags_all": {
              "Name": "Task8-alb-sg-zaeem"
            },
            "timeouts": null,
            "vpc_id": "vpc-08e12832b2d654c42"
          },
          "sensitive_attributes": [],
          "identity_schema_version": 0,
          "identity": {
            "account_id": "880958245574",
            "id": "sg-03ae7a0cfe5484eed",
            "region": "us-west-2"
          },
          "private": "eyJlMmJmYjczMC1lY2FhLTExZTYtOGY4OC0zNDM2M2JjN2M0YzAiOnsiY3JlYXRlIjo2MDAwMDAwMDAwMDAsImRlbGV0ZSI6OTAwMDAwMDAwMDAwfSwic2NoZW1hX3ZlcnNpb24iOiIxIn0=",
          "dependencies": [
            "module.networking.aws_vpc.Task8-VPC-Zaeem"
          ]
        }
      ]
    },
    {
      "module": "module.networking",
      "mode": "managed",
      "type": "aws_security_group",
      "name": "Task8-EC2-SG-Zaeem",
      "provider": "provider[\"registry.terraform.io/hashicorp/aws\"]",
      "instances": [
        {
          "schema_version": 1,
          "attributes": {
            "arn": "arn:aws:ec2:us-west-2:880958245574:security-group/sg-07c3ab8569e31bb5d",
            "description": "Security group for ECS EC2 instances",
            "egress": [
              {
                "cidr_blocks": [
                  "0.0.0.0/0"
                ],
                "description": "",
                "from_port": 0,
                "ipv6_cidr_blocks": [],
                "prefix_list_ids": [],
                "protocol": "-1",
                "security_groups": [],
                "self": false,
                "to_port": 0
              }
            ],
            "id": "sg-07c3ab8569e31bb5d",
            "ingress": [
              {
                "cidr_blocks": [
                  "0.0.0.0/0"
                ],
                "description": "SSH access",
                "from_port": 22,
                "ipv6_cidr_blocks": [],
                "prefix_list_ids": [],
                "protocol": "tcp",
                "security_groups": [],
                "self": false,
                "to_port": 22
              },
              {
                "cidr_blocks": [],
                "description": "",
                "from_port": 0,
                "ipv6_cidr_blocks": [],
                "prefix_list_ids": [],
                "protocol": "tcp",
                "security_groups": [
                  "sg-03ae7a0cfe5484eed"
                ],
                "self": false,
                "to_port": 65535
              }
            ],
            "name": "Task8-ec2-sg-zaeem",
            "name_prefix": "",
            "owner_id": "880958245574",
            "region": "us-west-2",
            "revoke_rules_on_delete": false,
            "tags": {
              "Name": "Task8-ec2-sg-zaeem"
            },
            "tags_all": {
              "Name": "Task8-ec2-sg-zaeem"
            },
            "timeouts": null,
            "vpc_id": "vpc-08e12832b2d654c42"
          },
          "sensitive_attributes": [],
          "identity_schema_version": 0,
          "identity": {
            "account_id": "880958245574",
            "id": "sg-07c3ab8569e31bb5d",
            "region": "us-west-2"
          },
          "private": "eyJlMmJmYjczMC1lY2FhLTExZTYtOGY4OC0zNDM2M2JjN2M0YzAiOnsiY3JlYXRlIjo2MDAwMDAwMDAwMDAsImRlbGV0ZSI6OTAwMDAwMDAwMDAwfSwic2NoZW1hX3ZlcnNpb24iOiIxIn0=",
          "dependencies": [
            "module.networking.aws_security_group.Task8-ALB-SG-Zaeem",
            "module.networking.aws_vpc.Task8-VPC-Zaeem"
          ]
        }
      ]
    },
    {
      "module": "module.networking",
      "mode": "managed",
      "type": "aws_security_group",
      "name": "Task8-EFS-SG-Zaeem",
      "provider": "provider[\"registry.terraform.io/hashicorp/aws\"]",
      "instances": [
        {
          "schema_version": 1,
          "attributes": {
            "arn": "arn:aws:ec2:us-west-2:880958245574:security-group/sg-0cfb67a08cf7d7292",
            "description": "Security group for EFS",
            "egress": [
              {
                "cidr_blocks": [
                  "0.0.0.0/0"
                ],
                "description": "",
                "from_port": 0,
                "ipv6_cidr_blocks": [],
                "prefix_list_ids": [],
                "protocol": "-1",
                "security_groups": [],
                "self": false,
                "to_port": 0
              }
            ],
            "id": "sg-0cfb67a08cf7d7292",
            "ingress": [
              {
                "cidr_blocks": [],
                "description": "",
                "from_port": 2049,
                "ipv6_cidr_blocks": [],
                "prefix_list_ids": [],
                "protocol": "tcp",
                "security_groups": [
                  "sg-07c3ab8569e31bb5d"
                ],
                "self": false,
                "to_port": 2049
              }
            ],
            "name": "Task8-efs-sg-zaeem",
            "name_prefix": "",
            "owner_id": "880958245574",
            "region": "us-west-2",
            "revoke_rules_on_delete": false,
            "tags": {
              "Name": "Task8-efs-sg-zaeem"
            },
            "tags_all": {
              "Name": "Task8-efs-sg-zaeem"
            },
            "timeouts": null,
            "vpc_id": "vpc-08e12832b2d654c42"
          },
          "sensitive_attributes": [],
          "identity_schema_version": 0,
          "identity": {
            "account_id": "880958245574",
            "id": "sg-0cfb67a08cf7d7292",
            "region": "us-west-2"
          },
          "private": "eyJlMmJmYjczMC1lY2FhLTExZTYtOGY4OC0zNDM2M2JjN2M0YzAiOnsiY3JlYXRlIjo2MDAwMDAwMDAwMDAsImRlbGV0ZSI6OTAwMDAwMDAwMDAwfSwic2NoZW1hX3ZlcnNpb24iOiIxIn0=",
          "dependencies": [
            "module.networking.aws_security_group.Task8-ALB-SG-Zaeem",
            "module.networking.aws_security_group.Task8-EC2-SG-Zaeem",
            "module.networking.aws_vpc.Task8-VPC-Zaeem"
          ]
        }
      ]
    },
    {
      "module": "module.networking",
      "mode": "managed",
      "type": "aws_subnet",
      "name": "Task8-Private-Subnet-A-Zaeem",
      "provider": "provider[\"registry.terraform.io/hashicorp/aws\"]",
      "instances": [
        {
          "schema_version": 1,
          "attributes": {
            "arn": "arn:aws:ec2:us-west-2:880958245574:subnet/subnet-00ff8aa6303982b81",
            "assign_ipv6_address_on_creation": false,
            "availability_zone": "us-west-2a",
            "availability_zone_id": "usw2-az2",
            "cidr_block": "10.0.1.0/24",
            "customer_owned_ipv4_pool": "",
            "enable_dns64": false,
            "enable_lni_at_device_index": 0,
            "enable_resource_name_dns_a_record_on_launch": false,
            "enable_resource_name_dns_aaaa_record_on_launch": false,
            "id": "subnet-00ff8aa6303982b81",
            "ipv6_cidr_block": "",
            "ipv6_cidr_block_association_id": "",
            "ipv6_native": false,
            "map_customer_owned_ip_on_launch": false,
            "map_public_ip_on_launch": false,
            "outpost_arn": "",
            "owner_id": "880958245574",
            "private_dns_hostname_type_on_launch": "ip-name",
            "region": "us-west-2",
            "tags": {
              "Name": "Task8-Private-Subnet-A-Zaeem"
            },
            "tags_all": {
              "Name": "Task8-Private-Subnet-A-Zaeem"
            },
            "timeouts": null,
            "vpc_id": "vpc-08e12832b2d654c42"
          },
          "sensitive_attributes": [],
          "identity_schema_version": 0,
          "identity": {
            "account_id": "880958245574",
            "id": "subnet-00ff8aa6303982b81",
            "region": "us-west-2"
          },
          "private": "eyJlMmJmYjczMC1lY2FhLTExZTYtOGY4OC0zNDM2M2JjN2M0YzAiOnsiY3JlYXRlIjo2MDAwMDAwMDAwMDAsImRlbGV0ZSI6MTIwMDAwMDAwMDAwMH0sInNjaGVtYV92ZXJzaW9uIjoiMSJ9",
          "dependencies": [
            "module.networking.aws_vpc.Task8-VPC-Zaeem"
          ]
        }
      ]
    },
    {
      "module": "module.networking",
      "mode": "managed",
      "type": "aws_subnet",
      "name": "Task8-Private-Subnet-B-Zaeem",
      "provider": "provider[\"registry.terraform.io/hashicorp/aws\"]",
      "instances": [
        {
          "schema_version": 1,
          "attributes": {
            "arn": "arn:aws:ec2:us-west-2:880958245574:subnet/subnet-08f842dea112ac1a2",
            "assign_ipv6_address_on_creation": false,
            "availability_zone": "us-west-2b",
            "availability_zone_id": "usw2-az1",
            "cidr_block": "10.0.2.0/24",
            "customer_owned_ipv4_pool": "",
            "enable_dns64": false,
            "enable_lni_at_device_index": 0,
            "enable_resource_name_dns_a_record_on_launch": false,
            "enable_resource_name_dns_aaaa_record_on_launch": false,
            "id": "subnet-08f842dea112ac1a2",
            "ipv6_cidr_block": "",
            "ipv6_cidr_block_association_id": "",
            "ipv6_native": false,
            "map_customer_owned_ip_on_launch": false,
            "map_public_ip_on_launch": false,
            "outpost_arn": "",
            "owner_id": "880958245574",
            "private_dns_hostname_type_on_launch": "ip-name",
            "region": "us-west-2",
            "tags": {
              "Name": "Task8-Private-Subnet-B-Zaeem"
            },
            "tags_all": {
              "Name": "Task8-Private-Subnet-B-Zaeem"
            },
            "timeouts": null,
            "vpc_id": "vpc-08e12832b2d654c42"
          },
          "sensitive_attributes": [],
          "identity_schema_version": 0,
          "identity": {
            "account_id": "880958245574",
            "id": "subnet-08f842dea112ac1a2",
            "region": "us-west-2"
          },
          "private": "eyJlMmJmYjczMC1lY2FhLTExZTYtOGY4OC0zNDM2M2JjN2M0YzAiOnsiY3JlYXRlIjo2MDAwMDAwMDAwMDAsImRlbGV0ZSI6MTIwMDAwMDAwMDAwMH0sInNjaGVtYV92ZXJzaW9uIjoiMSJ9",
          "dependencies": [
            "module.networking.aws_vpc.Task8-VPC-Zaeem"
          ]
        }
      ]
    },
    {
      "module": "module.networking",
      "mode": "managed",
      "type": "aws_subnet",
      "name": "Task8-Public-Subnet-A-Zaeem",
      "provider": "provider[\"registry.terraform.io/hashicorp/aws\"]",
      "instances": [
        {
          "schema_version": 1,
          "attributes": {
            "arn": "arn:aws:ec2:us-west-2:880958245574:subnet/subnet-097056f4ad974d766",
            "assign_ipv6_address_on_creation": false,
            "availability_zone": "us-west-2a",
            "availability_zone_id": "usw2-az2",
            "cidr_block": "10.0.3.0/24",
            "customer_owned_ipv4_pool": "",
            "enable_dns64": false,
            "enable_lni_at_device_index": 0,
            "enable_resource_name_dns_a_record_on_launch": false,
            "enable_resource_name_dns_aaaa_record_on_launch": false,
            "id": "subnet-097056f4ad974d766",
            "ipv6_cidr_block": "",
            "ipv6_cidr_block_association_id": "",
            "ipv6_native": false,
            "map_customer_owned_ip_on_launch": false,
            "map_public_ip_on_launch": false,
            "outpost_arn": "",
            "owner_id": "880958245574",
            "private_dns_hostname_type_on_launch": "ip-name",
            "region": "us-west-2",
            "tags": {
              "Name": "Task8-Public-Subnet-A-Zaeem"
            },
            "tags_all": {
              "Name": "Task8-Public-Subnet-A-Zaeem"
            },
            "timeouts": null,
            "vpc_id": "vpc-08e12832b2d654c42"
          },
          "sensitive_attributes": [],
          "identity_schema_version": 0,
          "identity": {
            "account_id": "880958245574",
            "id": "subnet-097056f4ad974d766",
            "region": "us-west-2"
          },
          "private": "eyJlMmJmYjczMC1lY2FhLTExZTYtOGY4OC0zNDM2M2JjN2M0YzAiOnsiY3JlYXRlIjo2MDAwMDAwMDAwMDAsImRlbGV0ZSI6MTIwMDAwMDAwMDAwMH0sInNjaGVtYV92ZXJzaW9uIjoiMSJ9",
          "dependencies": [
            "module.networking.aws_vpc.Task8-VPC-Zaeem"
          ]
        }
      ]
    },
    {
      "module": "module.networking",
      "mode": "managed",
      "type": "aws_subnet",
      "name": "Task8-Public-Subnet-B-Zaeem",
      "provider": "provider[\"registry.terraform.io/hashicorp/aws\"]",
      "instances": [
        {
          "schema_version": 1,
          "attributes": {
            "arn": "arn:aws:ec2:us-west-2:880958245574:subnet/subnet-0eefe88e1cad33b17",
            "assign_ipv6_address_on_creation": false,
            "availability_zone": "us-west-2b",
            "availability_zone_id": "usw2-az1",
            "cidr_block": "10.0.4.0/24",
            "customer_owned_ipv4_pool": "",
            "enable_dns64": false,
            "enable_lni_at_device_index": 0,
            "enable_resource_name_dns_a_record_on_launch": false,
            "enable_resource_name_dns_aaaa_record_on_launch": false,
            "id": "subnet-0eefe88e1cad33b17",
            "ipv6_cidr_block": "",
            "ipv6_cidr_block_association_id": "",
            "ipv6_native": false,
            "map_customer_owned_ip_on_launch": false,
            "map_public_ip_on_launch": false,
            "outpost_arn": "",
            "owner_id": "880958245574",
            "private_dns_hostname_type_on_launch": "ip-name",
            "region": "us-west-2",
            "tags": {
              "Name": "Task8-Public-Subnet-B-Zaeem"
            },
            "tags_all": {
              "Name": "Task8-Public-Subnet-B-Zaeem"
            },
            "timeouts": null,
            "vpc_id": "vpc-08e12832b2d654c42"
          },
          "sensitive_attributes": [],
          "identity_schema_version": 0,
          "identity": {
            "account_id": "880958245574",
            "id": "subnet-0eefe88e1cad33b17",
            "region": "us-west-2"
          },
          "private": "eyJlMmJmYjczMC1lY2FhLTExZTYtOGY4OC0zNDM2M2JjN2M0YzAiOnsiY3JlYXRlIjo2MDAwMDAwMDAwMDAsImRlbGV0ZSI6MTIwMDAwMDAwMDAwMH0sInNjaGVtYV92ZXJzaW9uIjoiMSJ9",
          "dependencies": [
            "module.networking.aws_vpc.Task8-VPC-Zaeem"
          ]
        }
      ]
    },
    {
      "module": "module.networking",
      "mode": "managed",
      "type": "aws_vpc",
      "name": "Task8-VPC-Zaeem",
      "provider": "provider[\"registry.terraform.io/hashicorp/aws\"]",
      "instances": [
        {
          "schema_version": 1,
          "attributes": {
            "arn": "arn:aws:ec2:us-west-2:880958245574:vpc/vpc-08e12832b2d654c42",
            "assign_generated_ipv6_cidr_block": false,
            "cidr_block": "10.0.0.0/16",
            "default_network_acl_id": "acl-0746ef4d35afbeaae",
            "default_route_table_id": "rtb-045893df81a3eeaac",
            "default_security_group_id": "sg-0eb417642b9bf64f1",
            "dhcp_options_id": "dopt-004139d1c4d0bb7c6",
            "enable_dns_hostnames": true,
            "enable_dns_support": true,
            "enable_network_address_usage_metrics": false,
            "id": "vpc-08e12832b2d654c42",
            "instance_tenancy": "default",
            "ipv4_ipam_pool_id": null,
            "ipv4_netmask_length": null,
            "ipv6_association_id": "",
            "ipv6_cidr_block": "",
            "ipv6_cidr_block_network_border_group": "",
            "ipv6_ipam_pool_id": "",
            "ipv6_netmask_length": 0,
            "main_route_table_id": "rtb-045893df81a3eeaac",
            "owner_id": "880958245574",
            "region": "us-west-2",
            "tags": {
              "Name": "Task8-VPC-Zaeem"
            },
            "tags_all": {
              "Name": "Task8-VPC-Zaeem"
            }
          },
          "sensitive_attributes": [],
          "identity_schema_version": 0,
          "identity": {
            "account_id": "880958245574",
            "id": "vpc-08e12832b2d654c42",
            "region": "us-west-2"
          },
          "private": "eyJzY2hlbWFfdmVyc2lvbiI6IjEifQ=="
        }
      ]
    },
    {
      "module": "module.storage",
      "mode": "managed",
      "type": "aws_efs_access_point",
      "name": "Task8-EFS-AP-Zaeem",
      "provider": "provider[\"registry.terraform.io/hashicorp/aws\"]",
      "instances": [
        {
          "schema_version": 0,
          "attributes": {
            "arn": "arn:aws:elasticfilesystem:us-west-2:880958245574:access-point/fsap-06180cc9d669f08bc",
            "file_system_arn": "arn:aws:elasticfilesystem:us-west-2:880958245574:file-system/fs-047d1f61669f299a9",
            "file_system_id": "fs-047d1f61669f299a9",
            "id": "fsap-06180cc9d669f08bc",
            "owner_id": "880958245574",
            "posix_user": [
              {
                "gid": 1000,
                "secondary_gids": [],
                "uid": 1000
              }
            ],
            "region": "us-west-2",
            "root_directory": [
              {
                "creation_info": [
                  {
                    "owner_gid": 1000,
                    "owner_uid": 1000,
                    "permissions": "755"
                  }
                ],
                "path": "/"
              }
            ],
            "tags": {
              "Name": "Task8-EFS-AP-Zaeem"
            },
            "tags_all": {
              "Name": "Task8-EFS-AP-Zaeem"
            }
          },
          "sensitive_attributes": [],
          "identity_schema_version": 0,
          "private": "bnVsbA==",
          "dependencies": [
            "module.storage.aws_efs_file_system.Task8-EFS-Zaeem"
          ]
        }
      ]
    },
    {
      "module": "module.storage",
      "mode": "managed",
      "type": "aws_efs_file_system",
      "name": "Task8-EFS-Zaeem",
      "provider": "provider[\"registry.terraform.io/hashicorp/aws\"]",
      "instances": [
        {
          "schema_version": 0,
          "attributes": {
            "arn": "arn:aws:elasticfilesystem:us-west-2:880958245574:file-system/fs-047d1f61669f299a9",
            "availability_zone_id": "",
            "availability_zone_name": "",
            "creation_token": "Task8-EFS-Zaeem",
            "dns_name": "fs-047d1f61669f299a9.efs.us-west-2.amazonaws.com",
            "encrypted": false,
            "id": "fs-047d1f61669f299a9",
            "kms_key_id": "",
            "lifecycle_policy": [],
            "name": "Task8-EFS-Zaeem",
            "number_of_mount_targets": 2,
            "owner_id": "880958245574",
            "performance_mode": "generalPurpose",
            "protection": [
              {
                "replication_overwrite": "ENABLED"
              }
            ],
            "provisioned_throughput_in_mibps": 0,
            "region": "us-west-2",
            "size_in_bytes": [
              {
                "value": 6144,
                "value_in_ia": 0,
                "value_in_standard": 6144
              }
            ],
            "tags": {
              "Name": "Task8-EFS-Zaeem"
            },
            "tags_all": {
              "Name": "Task8-EFS-Zaeem"
            },
            "throughput_mode": "bursting"
          },
          "sensitive_attributes": [],
          "identity_schema_version": 0,
          "private": "bnVsbA=="
        }
      ]
    },
    {
      "module": "module.storage",
      "mode": "managed",
      "type": "aws_efs_mount_target",
      "name": "Task8-EFS-MT-PrivateA-Zaeem",
      "provider": "provider[\"registry.terraform.io/hashicorp/aws\"]",
      "instances": [
        {
          "schema_version": 0,
          "attributes": {
            "availability_zone_id": "usw2-az2",
            "availability_zone_name": "us-west-2a",
            "dns_name": "fs-047d1f61669f299a9.efs.us-west-2.amazonaws.com",
            "file_system_arn": "arn:aws:elasticfilesystem:us-west-2:880958245574:file-system/fs-047d1f61669f299a9",
            "file_system_id": "fs-047d1f61669f299a9",
            "id": "fsmt-016990156ebe81434",
            "ip_address": "10.0.1.94",
            "ip_address_type": "IPV4_ONLY",
            "ipv6_address": "",
            "mount_target_dns_name": "us-west-2a.fs-047d1f61669f299a9.efs.us-west-2.amazonaws.com",
            "network_interface_id": "eni-06ed38fefbfe4730c",
            "owner_id": "880958245574",
            "region": "us-west-2",
            "security_groups": [
              "sg-0cfb67a08cf7d7292"
            ],
            "subnet_id": "subnet-00ff8aa6303982b81",
            "timeouts": null
          },
          "sensitive_attributes": [],
          "identity_schema_version": 0,
          "private": "eyJlMmJmYjczMC1lY2FhLTExZTYtOGY4OC0zNDM2M2JjN2M0YzAiOnsiY3JlYXRlIjoxODAwMDAwMDAwMDAwLCJkZWxldGUiOjYwMDAwMDAwMDAwMH19",
          "dependencies": [
            "module.networking.aws_security_group.Task8-ALB-SG-Zaeem",
            "module.networking.aws_security_group.Task8-EC2-SG-Zaeem",
            "module.networking.aws_security_group.Task8-EFS-SG-Zaeem",
            "module.networking.aws_subnet.Task8-Private-Subnet-A-Zaeem",
            "module.networking.aws_vpc.Task8-VPC-Zaeem",
            "module.storage.aws_efs_file_system.Task8-EFS-Zaeem"
          ]
        }
      ]
    },
    {
      "module": "module.storage",
      "mode": "managed",
      "type": "aws_efs_mount_target",
      "name": "Task8-EFS-MT-PrivateB-Zaeem",
      "provider": "provider[\"registry.terraform.io/hashicorp/aws\"]",
      "instances": [
        {
          "schema_version": 0,
          "attributes": {
            "availability_zone_id": "usw2-az1",
            "availability_zone_name": "us-west-2b",
            "dns_name": "fs-047d1f61669f299a9.efs.us-west-2.amazonaws.com",
            "file_system_arn": "arn:aws:elasticfilesystem:us-west-2:880958245574:file-system/fs-047d1f61669f299a9",
            "file_system_id": "fs-047d1f61669f299a9",
            "id": "fsmt-040f4f0890aeb6592",
            "ip_address": "10.0.2.178",
            "ip_address_type": "IPV4_ONLY",
            "ipv6_address": "",
            "mount_target_dns_name": "us-west-2b.fs-047d1f61669f299a9.efs.us-west-2.amazonaws.com",
            "network_interface_id": "eni-064f78bdf4e16def0",
            "owner_id": "880958245574",
            "region": "us-west-2",
            "security_groups": [
              "sg-0cfb67a08cf7d7292"
            ],
            "subnet_id": "subnet-08f842dea112ac1a2",
            "timeouts": null
          },
          "sensitive_attributes": [],
          "identity_schema_version": 0,
          "private": "eyJlMmJmYjczMC1lY2FhLTExZTYtOGY4OC0zNDM2M2JjN2M0YzAiOnsiY3JlYXRlIjoxODAwMDAwMDAwMDAwLCJkZWxldGUiOjYwMDAwMDAwMDAwMH19",
          "dependencies": [
            "module.networking.aws_security_group.Task8-ALB-SG-Zaeem",
            "module.networking.aws_security_group.Task8-EC2-SG-Zaeem",
            "module.networking.aws_security_group.Task8-EFS-SG-Zaeem",
            "module.networking.aws_subnet.Task8-Private-Subnet-B-Zaeem",
            "module.networking.aws_vpc.Task8-VPC-Zaeem",
            "module.storage.aws_efs_file_system.Task8-EFS-Zaeem"
          ]
        }
      ]
    },
    {
      "module": "module.storage",
      "mode": "managed",
      "type": "aws_s3_bucket",
      "name": "Task8-CodePipeline-Bucket-Zaeem",
      "provider": "provider[\"registry.terraform.io/hashicorp/aws\"]",
      "instances": [
        {
          "schema_version": 0,
          "attributes": {
            "acceleration_status": "",
            "acl": null,
            "arn": "arn:aws:s3:::task8-codepipeline-bucket-zaeem",
            "bucket": "task8-codepipeline-bucket-zaeem",
            "bucket_domain_name": "task8-codepipeline-bucket-zaeem.s3.amazonaws.com",
            "bucket_prefix": "",
            "bucket_region": "us-west-2",
            "bucket_regional_domain_name": "task8-codepipeline-bucket-zaeem.s3.us-west-2.amazonaws.com",
            "cors_rule": [],
            "force_destroy": false,
            "grant": [
              {
                "id": "b96186978a9e4b68eee62fba4eb4f8ec02b1f7bcdb31639ab2af4b959967f72d",
                "permissions": [
                  "FULL_CONTROL"
                ],
                "type": "CanonicalUser",
                "uri": ""
              }
            ],
            "hosted_zone_id": "Z3BJ6K6RIION7M",
            "id": "task8-codepipeline-bucket-zaeem",
            "lifecycle_rule": [],
            "logging": [],
            "object_lock_configuration": [],
            "object_lock_enabled": false,
            "policy": "",
            "region": "us-west-2",
            "replication_configuration": [],
            "request_payer": "BucketOwner",
            "server_side_encryption_configuration": [
              {
                "rule": [
                  {
                    "apply_server_side_encryption_by_default": [
                      {
                        "kms_master_key_id": "",
                        "sse_algorithm": "AES256"
                      }
                    ],
                    "bucket_key_enabled": false
                  }
                ]
              }
            ],
            "tags": {},
            "tags_all": {},
            "timeouts": null,
            "versioning": [
              {
                "enabled": false,
                "mfa_delete": false
              }
            ],
            "website": [],
            "website_domain": null,
            "website_endpoint": null
          },
          "sensitive_attributes": [],
          "identity_schema_version": 0,
          "identity": {
            "account_id": "880958245574",
            "bucket": "task8-codepipeline-bucket-zaeem",
            "region": "us-west-2"
          },
          "private": "eyJlMmJmYjczMC1lY2FhLTExZTYtOGY4OC0zNDM2M2JjN2M0YzAiOnsiY3JlYXRlIjoxMjAwMDAwMDAwMDAwLCJkZWxldGUiOjM2MDAwMDAwMDAwMDAsInJlYWQiOjEyMDAwMDAwMDAwMDAsInVwZGF0ZSI6MTIwMDAwMDAwMDAwMH19"
        }
      ]
    },
    {
      "module": "module.storage",
      "mode": "managed",
      "type": "aws_s3_bucket_public_access_block",
      "name": "codepipeline_bucket_pab",
      "provider": "provider[\"registry.terraform.io/hashicorp/aws\"]",
      "instances": [
        {
          "schema_version": 0,
          "attributes": {
            "block_public_acls": true,
            "block_public_policy": true,
            "bucket": "task8-codepipeline-bucket-zaeem",
            "id": "task8-codepipeline-bucket-zaeem",
            "ignore_public_acls": true,
            "region": "us-west-2",
            "restrict_public_buckets": true,
            "skip_destroy": null
          },
          "sensitive_attributes": [],
          "identity_schema_version": 0,
          "identity": {
            "account_id": "880958245574",
            "bucket": "task8-codepipeline-bucket-zaeem",
            "region": "us-west-2"
          },
          "private": "bnVsbA==",
          "dependencies": [
            "module.storage.aws_s3_bucket.Task8-CodePipeline-Bucket-Zaeem"
          ]
        }
      ]
    }
  ],
  "check_results": null
}
